{
  "version": 1,
  "dependencies": {
    "net8.0": {
      "Microsoft.NET.ILLink.Tasks": {
        "type": "Direct",
        "requested": "[8.0.2, )",
        "resolved": "8.0.2",
        "contentHash": "hKTrehpfVzOhAz0mreaTAZgbz0DrMEbWq4n3hAo8Ks6WdxdqQhNPvzOqn9VygKuWf1bmxPdraqzTaXriO/sn0A=="
      },
      "TmEssentials": {
        "type": "Transitive",
        "resolved": "2.4.1",
        "contentHash": "K/RWlvnwJfLEH5gs1XA7d9wTvfXLexUBOA8W3N00ucrEqSQMwJbPhrPZJhzI2w5DRGJuAiEr7uXzZTCHEvtGWw=="
      },
      "gbx.net": {
        "type": "Project",
        "dependencies": {
          "TmEssentials": "[2.4.1, )"
        }
      }
    },
    "net8.0/win-x64": {}
  }
}