
Microsoft Visual Studio Solution File, Format Version 12.00
# Visual Studio Version 17
VisualStudioVersion = 17.0.31903.59
MinimumVisualStudioVersion = 10.0.40219.1
Project("{2150E333-8FDC-42A3-9474-1A3956D46DE8}") = "Tests", "Tests", "{3489EC85-665E-43FC-9D25-A939E498EE1A}"
EndProject
Project("{2150E333-8FDC-42A3-9474-1A3956D46DE8}") = "Samples", "Samples", "{C2F85CC4-B870-4C4D-B681-2E268F8C7F54}"
	ProjectSection(SolutionItems) = preProject
		Samples\LICENSE.GPL-3.0-or-later.md = Samples\LICENSE.GPL-3.0-or-later.md
	EndProjectSection
EndProject
Project("{9A19103F-16F7-4668-BE54-9A1E7A4F7556}") = "EmbedExtractor", "Samples\EmbedExtractor\EmbedExtractor.csproj", "{9D21E271-F3E1-40E5-8441-563EF71C626E}"
EndProject
Project("{9A19103F-16F7-4668-BE54-9A1E7A4F7556}") = "ReplayToMap", "Samples\ReplayToMap\ReplayToMap.csproj", "{9E0C3C59-4ECA-4E39-BF67-B0E42B091B33}"
EndProject
Project("{9A19103F-16F7-4668-BE54-9A1E7A4F7556}") = "PasswordCracker", "Samples\PasswordCracker\PasswordCracker.csproj", "{EF4E24C6-76AE-4628-95C9-31BC99609602}"
EndProject
Project("{2150E333-8FDC-42A3-9474-1A3956D46DE8}") = "Solution Items", "Solution Items", "{2A2EB0D4-03BB-4AE4-80A1-255999E93491}"
	ProjectSection(SolutionItems) = preProject
		.editorconfig = .editorconfig
		.gitignore = .gitignore
		logo.png = logo.png
		logo_outline.png = logo_outline.png
		logo_shadow.png = logo_shadow.png
		NUGET.md = NUGET.md
		README.md = README.md
		SUPPORTED_GBX_FILE_TYPES.md = SUPPORTED_GBX_FILE_TYPES.md
	EndProjectSection
EndProject
Project("{2150E333-8FDC-42A3-9474-1A3956D46DE8}") = "Src", "Src", "{4357734F-ED75-4E82-B765-586EE8B4AF56}"
EndProject
Project("{9A19103F-16F7-4668-BE54-9A1E7A4F7556}") = "GBX.NET", "Src\GBX.NET\GBX.NET.csproj", "{F36277A1-F986-4A84-A236-ECC4441DCD86}"
EndProject
Project("{9A19103F-16F7-4668-BE54-9A1E7A4F7556}") = "GBX.NET.Imaging", "Src\GBX.NET.Imaging\GBX.NET.Imaging.csproj", "{38568A4E-DB00-4C10-A8F9-2B69DDA89356}"
EndProject
Project("{9A19103F-16F7-4668-BE54-9A1E7A4F7556}") = "GBX.NET.Json", "Src\GBX.NET.Json\GBX.NET.Json.csproj", "{E7A52A20-85FD-4375-B3ED-F82F7FFB778C}"
EndProject
Project("{9A19103F-16F7-4668-BE54-9A1E7A4F7556}") = "GBX.NET.Localization", "Src\GBX.NET.Localization\GBX.NET.Localization.csproj", "{1CE6AC74-232B-4A72-A95A-2B27EE02056A}"
EndProject
Project("{9A19103F-16F7-4668-BE54-9A1E7A4F7556}") = "GBX.NET.Lua", "Src\GBX.NET.Lua\GBX.NET.Lua.csproj", "{FE9C9A31-9545-4B86-87E6-C3D6E5167359}"
EndProject
Project("{9A19103F-16F7-4668-BE54-9A1E7A4F7556}") = "GBX.NET.LZO", "Src\GBX.NET.LZO\GBX.NET.LZO.csproj", "{1FEE9F92-C747-4A0C-90EE-4AAB56AB0CC8}"
EndProject
Project("{9A19103F-16F7-4668-BE54-9A1E7A4F7556}") = "GBX.NET.PAK", "Src\GBX.NET.PAK\GBX.NET.PAK.csproj", "{3E070A3E-8A48-4F2C-97FD-2BF8D5FAA103}"
EndProject
Project("{2150E333-8FDC-42A3-9474-1A3956D46DE8}") = "Benchmarks", "Benchmarks", "{C3966CD8-1D52-499A-98C1-A74DCCF00074}"
EndProject
Project("{9A19103F-16F7-4668-BE54-9A1E7A4F7556}") = "GBX.NET.Benchmarks", "Benchmarks\GBX.NET.Benchmarks\GBX.NET.Benchmarks.csproj", "{A1CE632C-7C0F-4920-A118-79CFC9138106}"
EndProject
Project("{9A19103F-16F7-4668-BE54-9A1E7A4F7556}") = "GBX.NET.Tests", "Tests\GBX.NET.Tests\GBX.NET.Tests.csproj", "{64E6EF84-F77E-4F0D-A19D-9E0EA6700C1F}"
EndProject
Project("{2150E333-8FDC-42A3-9474-1A3956D46DE8}") = "Reference", "Reference", "{255D957E-528D-40D7-B50A-51008CB43764}"
EndProject
Project("{9A19103F-16F7-4668-BE54-9A1E7A4F7556}") = "DocGenerator", "Reference\DocGenerator\DocGenerator.csproj", "{CA32F0F2-F3AB-432B-9F74-D8F5F4B3A824}"
EndProject
Project("{2150E333-8FDC-42A3-9474-1A3956D46DE8}") = "Tools", "Tools", "{1870006D-F5DC-4711-98DD-5502B74B848E}"
EndProject
Project("{9A19103F-16F7-4668-BE54-9A1E7A4F7556}") = "LocatorUrlConverter", "Samples\LocatorUrlConverter\LocatorUrlConverter.csproj", "{D227069C-47D9-4EDF-B9A5-29212CBD98D4}"
EndProject
Project("{9A19103F-16F7-4668-BE54-9A1E7A4F7556}") = "SolidExtract", "Samples\SolidExtract\SolidExtract.csproj", "{26191ACD-6509-411B-BE64-80E4047608A5}"
EndProject
Project("{9A19103F-16F7-4668-BE54-9A1E7A4F7556}") = "ParseRepeater", "Tools\ParseRepeater\ParseRepeater.csproj", "{5A55F848-4983-413B-9164-4B46868CEFA5}"
EndProject
Project("{9A19103F-16F7-4668-BE54-9A1E7A4F7556}") = "GbxReadWriteEquality", "Tools\GbxReadWriteEquality\GbxReadWriteEquality.csproj", "{D2B553DF-0B03-42C3-9B36-246D6BB08306}"
EndProject
Project("{9A19103F-16F7-4668-BE54-9A1E7A4F7556}") = "GbxDecompressor", "Tools\GbxDecompressor\GbxDecompressor.csproj", "{025D38DA-DD8A-4668-B2CB-F267D998025B}"
EndProject
Project("{9A19103F-16F7-4668-BE54-9A1E7A4F7556}") = "BulkParseTest", "Tools\BulkParseTest\BulkParseTest.csproj", "{A5B50C44-9C33-4102-A159-43CD5ED16A24}"
EndProject
Project("{9A19103F-16F7-4668-BE54-9A1E7A4F7556}") = "GhostToClip", "Samples\GhostToClip\GhostToClip.csproj", "{D2615A8A-9F62-4DBB-9971-3EB29B1100DA}"
EndProject
Project("{9A19103F-16F7-4668-BE54-9A1E7A4F7556}") = "GBX.NET.WikiRefGen", "Reference\GBX.NET.WikiRefGen\GBX.NET.WikiRefGen.csproj", "{58DACEA1-04AD-4B4C-8684-4DE45B295876}"
EndProject
Project("{2150E333-8FDC-42A3-9474-1A3956D46DE8}") = ".github", ".github", "{F438EE70-361F-43FA-98AF-40F1CC573214}"
EndProject
Project("{2150E333-8FDC-42A3-9474-1A3956D46DE8}") = "workflows", "workflows", "{40C97995-1F9C-4C12-8DD4-E542BA5AD0D0}"
	ProjectSection(SolutionItems) = preProject
		.github\workflows\dotnet-dev.yml = .github\workflows\dotnet-dev.yml
		.github\workflows\dotnet.yml = .github\workflows\dotnet.yml
		.github\workflows\publish-pre.yml = .github\workflows\publish-pre.yml
		.github\workflows\publish.yml = .github\workflows\publish.yml
	EndProjectSection
EndProject
Project("{9A19103F-16F7-4668-BE54-9A1E7A4F7556}") = "ChunkSeparator", "Tools\ChunkSeparator\ChunkSeparator.csproj", "{FE607A3A-FDFC-4FF5-88A5-DD65043B5F5D}"
EndProject
Project("{9A19103F-16F7-4668-BE54-9A1E7A4F7556}") = "IconExporter", "Samples\IconExporter\IconExporter.csproj", "{DE982586-835F-4B8D-8EDE-A0066256CB4F}"
EndProject
Project("{9A19103F-16F7-4668-BE54-9A1E7A4F7556}") = "RefTableTree", "Samples\RefTableTree\RefTableTree.csproj", "{EE18E6A2-9DE9-4117-A5F5-55DDB8F4EBE0}"
EndProject
Project("{9A19103F-16F7-4668-BE54-9A1E7A4F7556}") = "GBX.NET.Tests.Generators", "Tests\GBX.NET.Tests.Generators\GBX.NET.Tests.Generators.csproj", "{2C2E289A-3727-40CA-8255-A27B2AC60013}"
EndProject
Global
	GlobalSection(SolutionConfigurationPlatforms) = preSolution
		Debug|Any CPU = Debug|Any CPU
		Debug|x64 = Debug|x64
		Debug|x86 = Debug|x86
		Release|Any CPU = Release|Any CPU
		Release|x64 = Release|x64
		Release|x86 = Release|x86
	EndGlobalSection
	GlobalSection(ProjectConfigurationPlatforms) = postSolution
		{9D21E271-F3E1-40E5-8441-563EF71C626E}.Debug|Any CPU.ActiveCfg = Debug|Any CPU
		{9D21E271-F3E1-40E5-8441-563EF71C626E}.Debug|Any CPU.Build.0 = Debug|Any CPU
		{9D21E271-F3E1-40E5-8441-563EF71C626E}.Debug|x64.ActiveCfg = Debug|x86
		{9D21E271-F3E1-40E5-8441-563EF71C626E}.Debug|x64.Build.0 = Debug|x86
		{9D21E271-F3E1-40E5-8441-563EF71C626E}.Debug|x86.ActiveCfg = Debug|Any CPU
		{9D21E271-F3E1-40E5-8441-563EF71C626E}.Debug|x86.Build.0 = Debug|Any CPU
		{9D21E271-F3E1-40E5-8441-563EF71C626E}.Release|Any CPU.ActiveCfg = Release|Any CPU
		{9D21E271-F3E1-40E5-8441-563EF71C626E}.Release|Any CPU.Build.0 = Release|Any CPU
		{9D21E271-F3E1-40E5-8441-563EF71C626E}.Release|x64.ActiveCfg = Release|x86
		{9D21E271-F3E1-40E5-8441-563EF71C626E}.Release|x64.Build.0 = Release|x86
		{9D21E271-F3E1-40E5-8441-563EF71C626E}.Release|x86.ActiveCfg = Release|x86
		{9D21E271-F3E1-40E5-8441-563EF71C626E}.Release|x86.Build.0 = Release|x86
		{9E0C3C59-4ECA-4E39-BF67-B0E42B091B33}.Debug|Any CPU.ActiveCfg = Debug|Any CPU
		{9E0C3C59-4ECA-4E39-BF67-B0E42B091B33}.Debug|Any CPU.Build.0 = Debug|Any CPU
		{9E0C3C59-4ECA-4E39-BF67-B0E42B091B33}.Debug|x64.ActiveCfg = Debug|x86
		{9E0C3C59-4ECA-4E39-BF67-B0E42B091B33}.Debug|x64.Build.0 = Debug|x86
		{9E0C3C59-4ECA-4E39-BF67-B0E42B091B33}.Debug|x86.ActiveCfg = Debug|x86
		{9E0C3C59-4ECA-4E39-BF67-B0E42B091B33}.Debug|x86.Build.0 = Debug|x86
		{9E0C3C59-4ECA-4E39-BF67-B0E42B091B33}.Release|Any CPU.ActiveCfg = Release|Any CPU
		{9E0C3C59-4ECA-4E39-BF67-B0E42B091B33}.Release|Any CPU.Build.0 = Release|Any CPU
		{9E0C3C59-4ECA-4E39-BF67-B0E42B091B33}.Release|x64.ActiveCfg = Release|x86
		{9E0C3C59-4ECA-4E39-BF67-B0E42B091B33}.Release|x64.Build.0 = Release|x86
		{9E0C3C59-4ECA-4E39-BF67-B0E42B091B33}.Release|x86.ActiveCfg = Release|x86
		{9E0C3C59-4ECA-4E39-BF67-B0E42B091B33}.Release|x86.Build.0 = Release|x86
		{EF4E24C6-76AE-4628-95C9-31BC99609602}.Debug|Any CPU.ActiveCfg = Debug|Any CPU
		{EF4E24C6-76AE-4628-95C9-31BC99609602}.Debug|Any CPU.Build.0 = Debug|Any CPU
		{EF4E24C6-76AE-4628-95C9-31BC99609602}.Debug|x64.ActiveCfg = Debug|x86
		{EF4E24C6-76AE-4628-95C9-31BC99609602}.Debug|x64.Build.0 = Debug|x86
		{EF4E24C6-76AE-4628-95C9-31BC99609602}.Debug|x86.ActiveCfg = Debug|x86
		{EF4E24C6-76AE-4628-95C9-31BC99609602}.Debug|x86.Build.0 = Debug|x86
		{EF4E24C6-76AE-4628-95C9-31BC99609602}.Release|Any CPU.ActiveCfg = Release|Any CPU
		{EF4E24C6-76AE-4628-95C9-31BC99609602}.Release|Any CPU.Build.0 = Release|Any CPU
		{EF4E24C6-76AE-4628-95C9-31BC99609602}.Release|x64.ActiveCfg = Release|x86
		{EF4E24C6-76AE-4628-95C9-31BC99609602}.Release|x64.Build.0 = Release|x86
		{EF4E24C6-76AE-4628-95C9-31BC99609602}.Release|x86.ActiveCfg = Release|x86
		{EF4E24C6-76AE-4628-95C9-31BC99609602}.Release|x86.Build.0 = Release|x86
		{F36277A1-F986-4A84-A236-ECC4441DCD86}.Debug|Any CPU.ActiveCfg = Debug|Any CPU
		{F36277A1-F986-4A84-A236-ECC4441DCD86}.Debug|Any CPU.Build.0 = Debug|Any CPU
		{F36277A1-F986-4A84-A236-ECC4441DCD86}.Debug|x64.ActiveCfg = Debug|x64
		{F36277A1-F986-4A84-A236-ECC4441DCD86}.Debug|x64.Build.0 = Debug|x64
		{F36277A1-F986-4A84-A236-ECC4441DCD86}.Debug|x86.ActiveCfg = Debug|x86
		{F36277A1-F986-4A84-A236-ECC4441DCD86}.Debug|x86.Build.0 = Debug|x86
		{F36277A1-F986-4A84-A236-ECC4441DCD86}.Release|Any CPU.ActiveCfg = Release|Any CPU
		{F36277A1-F986-4A84-A236-ECC4441DCD86}.Release|Any CPU.Build.0 = Release|Any CPU
		{F36277A1-F986-4A84-A236-ECC4441DCD86}.Release|x64.ActiveCfg = Release|x64
		{F36277A1-F986-4A84-A236-ECC4441DCD86}.Release|x64.Build.0 = Release|x64
		{F36277A1-F986-4A84-A236-ECC4441DCD86}.Release|x86.ActiveCfg = Release|x86
		{F36277A1-F986-4A84-A236-ECC4441DCD86}.Release|x86.Build.0 = Release|x86
		{38568A4E-DB00-4C10-A8F9-2B69DDA89356}.Debug|Any CPU.ActiveCfg = Debug|Any CPU
		{38568A4E-DB00-4C10-A8F9-2B69DDA89356}.Debug|Any CPU.Build.0 = Debug|Any CPU
		{38568A4E-DB00-4C10-A8F9-2B69DDA89356}.Debug|x64.ActiveCfg = Debug|x64
		{38568A4E-DB00-4C10-A8F9-2B69DDA89356}.Debug|x64.Build.0 = Debug|x64
		{38568A4E-DB00-4C10-A8F9-2B69DDA89356}.Debug|x86.ActiveCfg = Debug|x86
		{38568A4E-DB00-4C10-A8F9-2B69DDA89356}.Debug|x86.Build.0 = Debug|x86
		{38568A4E-DB00-4C10-A8F9-2B69DDA89356}.Release|Any CPU.ActiveCfg = Release|Any CPU
		{38568A4E-DB00-4C10-A8F9-2B69DDA89356}.Release|Any CPU.Build.0 = Release|Any CPU
		{38568A4E-DB00-4C10-A8F9-2B69DDA89356}.Release|x64.ActiveCfg = Release|x64
		{38568A4E-DB00-4C10-A8F9-2B69DDA89356}.Release|x64.Build.0 = Release|x64
		{38568A4E-DB00-4C10-A8F9-2B69DDA89356}.Release|x86.ActiveCfg = Release|x86
		{38568A4E-DB00-4C10-A8F9-2B69DDA89356}.Release|x86.Build.0 = Release|x86
		{E7A52A20-85FD-4375-B3ED-F82F7FFB778C}.Debug|Any CPU.ActiveCfg = Debug|Any CPU
		{E7A52A20-85FD-4375-B3ED-F82F7FFB778C}.Debug|Any CPU.Build.0 = Debug|Any CPU
		{E7A52A20-85FD-4375-B3ED-F82F7FFB778C}.Debug|x64.ActiveCfg = Debug|x64
		{E7A52A20-85FD-4375-B3ED-F82F7FFB778C}.Debug|x64.Build.0 = Debug|x64
		{E7A52A20-85FD-4375-B3ED-F82F7FFB778C}.Debug|x86.ActiveCfg = Debug|x86
		{E7A52A20-85FD-4375-B3ED-F82F7FFB778C}.Debug|x86.Build.0 = Debug|x86
		{E7A52A20-85FD-4375-B3ED-F82F7FFB778C}.Release|Any CPU.ActiveCfg = Release|Any CPU
		{E7A52A20-85FD-4375-B3ED-F82F7FFB778C}.Release|Any CPU.Build.0 = Release|Any CPU
		{E7A52A20-85FD-4375-B3ED-F82F7FFB778C}.Release|x64.ActiveCfg = Release|x64
		{E7A52A20-85FD-4375-B3ED-F82F7FFB778C}.Release|x64.Build.0 = Release|x64
		{E7A52A20-85FD-4375-B3ED-F82F7FFB778C}.Release|x86.ActiveCfg = Release|x86
		{E7A52A20-85FD-4375-B3ED-F82F7FFB778C}.Release|x86.Build.0 = Release|x86
		{1CE6AC74-232B-4A72-A95A-2B27EE02056A}.Debug|Any CPU.ActiveCfg = Debug|Any CPU
		{1CE6AC74-232B-4A72-A95A-2B27EE02056A}.Debug|Any CPU.Build.0 = Debug|Any CPU
		{1CE6AC74-232B-4A72-A95A-2B27EE02056A}.Debug|x64.ActiveCfg = Debug|x64
		{1CE6AC74-232B-4A72-A95A-2B27EE02056A}.Debug|x64.Build.0 = Debug|x64
		{1CE6AC74-232B-4A72-A95A-2B27EE02056A}.Debug|x86.ActiveCfg = Debug|x86
		{1CE6AC74-232B-4A72-A95A-2B27EE02056A}.Debug|x86.Build.0 = Debug|x86
		{1CE6AC74-232B-4A72-A95A-2B27EE02056A}.Release|Any CPU.ActiveCfg = Release|Any CPU
		{1CE6AC74-232B-4A72-A95A-2B27EE02056A}.Release|Any CPU.Build.0 = Release|Any CPU
		{1CE6AC74-232B-4A72-A95A-2B27EE02056A}.Release|x64.ActiveCfg = Release|x64
		{1CE6AC74-232B-4A72-A95A-2B27EE02056A}.Release|x64.Build.0 = Release|x64
		{1CE6AC74-232B-4A72-A95A-2B27EE02056A}.Release|x86.ActiveCfg = Release|x86
		{1CE6AC74-232B-4A72-A95A-2B27EE02056A}.Release|x86.Build.0 = Release|x86
		{FE9C9A31-9545-4B86-87E6-C3D6E5167359}.Debug|Any CPU.ActiveCfg = Debug|Any CPU
		{FE9C9A31-9545-4B86-87E6-C3D6E5167359}.Debug|Any CPU.Build.0 = Debug|Any CPU
		{FE9C9A31-9545-4B86-87E6-C3D6E5167359}.Debug|x64.ActiveCfg = Debug|Any CPU
		{FE9C9A31-9545-4B86-87E6-C3D6E5167359}.Debug|x64.Build.0 = Debug|Any CPU
		{FE9C9A31-9545-4B86-87E6-C3D6E5167359}.Debug|x86.ActiveCfg = Debug|Any CPU
		{FE9C9A31-9545-4B86-87E6-C3D6E5167359}.Debug|x86.Build.0 = Debug|Any CPU
		{FE9C9A31-9545-4B86-87E6-C3D6E5167359}.Release|Any CPU.ActiveCfg = Release|Any CPU
		{FE9C9A31-9545-4B86-87E6-C3D6E5167359}.Release|Any CPU.Build.0 = Release|Any CPU
		{FE9C9A31-9545-4B86-87E6-C3D6E5167359}.Release|x64.ActiveCfg = Release|Any CPU
		{FE9C9A31-9545-4B86-87E6-C3D6E5167359}.Release|x64.Build.0 = Release|Any CPU
		{FE9C9A31-9545-4B86-87E6-C3D6E5167359}.Release|x86.ActiveCfg = Release|Any CPU
		{FE9C9A31-9545-4B86-87E6-C3D6E5167359}.Release|x86.Build.0 = Release|Any CPU
		{1FEE9F92-C747-4A0C-90EE-4AAB56AB0CC8}.Debug|Any CPU.ActiveCfg = Debug|Any CPU
		{1FEE9F92-C747-4A0C-90EE-4AAB56AB0CC8}.Debug|Any CPU.Build.0 = Debug|Any CPU
		{1FEE9F92-C747-4A0C-90EE-4AAB56AB0CC8}.Debug|x64.ActiveCfg = Debug|x64
		{1FEE9F92-C747-4A0C-90EE-4AAB56AB0CC8}.Debug|x64.Build.0 = Debug|x64
		{1FEE9F92-C747-4A0C-90EE-4AAB56AB0CC8}.Debug|x86.ActiveCfg = Debug|x86
		{1FEE9F92-C747-4A0C-90EE-4AAB56AB0CC8}.Debug|x86.Build.0 = Debug|x86
		{1FEE9F92-C747-4A0C-90EE-4AAB56AB0CC8}.Release|Any CPU.ActiveCfg = Release|Any CPU
		{1FEE9F92-C747-4A0C-90EE-4AAB56AB0CC8}.Release|Any CPU.Build.0 = Release|Any CPU
		{1FEE9F92-C747-4A0C-90EE-4AAB56AB0CC8}.Release|x64.ActiveCfg = Release|x64
		{1FEE9F92-C747-4A0C-90EE-4AAB56AB0CC8}.Release|x64.Build.0 = Release|x64
		{1FEE9F92-C747-4A0C-90EE-4AAB56AB0CC8}.Release|x86.ActiveCfg = Release|x86
		{1FEE9F92-C747-4A0C-90EE-4AAB56AB0CC8}.Release|x86.Build.0 = Release|x86
		{3E070A3E-8A48-4F2C-97FD-2BF8D5FAA103}.Debug|Any CPU.ActiveCfg = Debug|Any CPU
		{3E070A3E-8A48-4F2C-97FD-2BF8D5FAA103}.Debug|Any CPU.Build.0 = Debug|Any CPU
		{3E070A3E-8A48-4F2C-97FD-2BF8D5FAA103}.Debug|x64.ActiveCfg = Debug|x64
		{3E070A3E-8A48-4F2C-97FD-2BF8D5FAA103}.Debug|x64.Build.0 = Debug|x64
		{3E070A3E-8A48-4F2C-97FD-2BF8D5FAA103}.Debug|x86.ActiveCfg = Debug|x86
		{3E070A3E-8A48-4F2C-97FD-2BF8D5FAA103}.Debug|x86.Build.0 = Debug|x86
		{3E070A3E-8A48-4F2C-97FD-2BF8D5FAA103}.Release|Any CPU.ActiveCfg = Release|Any CPU
		{3E070A3E-8A48-4F2C-97FD-2BF8D5FAA103}.Release|Any CPU.Build.0 = Release|Any CPU
		{3E070A3E-8A48-4F2C-97FD-2BF8D5FAA103}.Release|x64.ActiveCfg = Release|x64
		{3E070A3E-8A48-4F2C-97FD-2BF8D5FAA103}.Release|x64.Build.0 = Release|x64
		{3E070A3E-8A48-4F2C-97FD-2BF8D5FAA103}.Release|x86.ActiveCfg = Release|x86
		{3E070A3E-8A48-4F2C-97FD-2BF8D5FAA103}.Release|x86.Build.0 = Release|x86
		{A1CE632C-7C0F-4920-A118-79CFC9138106}.Debug|Any CPU.ActiveCfg = Debug|Any CPU
		{A1CE632C-7C0F-4920-A118-79CFC9138106}.Debug|Any CPU.Build.0 = Debug|Any CPU
		{A1CE632C-7C0F-4920-A118-79CFC9138106}.Debug|x64.ActiveCfg = Debug|Any CPU
		{A1CE632C-7C0F-4920-A118-79CFC9138106}.Debug|x64.Build.0 = Debug|Any CPU
		{A1CE632C-7C0F-4920-A118-79CFC9138106}.Debug|x86.ActiveCfg = Debug|Any CPU
		{A1CE632C-7C0F-4920-A118-79CFC9138106}.Debug|x86.Build.0 = Debug|Any CPU
		{A1CE632C-7C0F-4920-A118-79CFC9138106}.Release|Any CPU.ActiveCfg = Release|Any CPU
		{A1CE632C-7C0F-4920-A118-79CFC9138106}.Release|Any CPU.Build.0 = Release|Any CPU
		{A1CE632C-7C0F-4920-A118-79CFC9138106}.Release|x64.ActiveCfg = Release|Any CPU
		{A1CE632C-7C0F-4920-A118-79CFC9138106}.Release|x64.Build.0 = Release|Any CPU
		{A1CE632C-7C0F-4920-A118-79CFC9138106}.Release|x86.ActiveCfg = Release|Any CPU
		{A1CE632C-7C0F-4920-A118-79CFC9138106}.Release|x86.Build.0 = Release|Any CPU
		{64E6EF84-F77E-4F0D-A19D-9E0EA6700C1F}.Debug|Any CPU.ActiveCfg = Debug|Any CPU
		{64E6EF84-F77E-4F0D-A19D-9E0EA6700C1F}.Debug|Any CPU.Build.0 = Debug|Any CPU
		{64E6EF84-F77E-4F0D-A19D-9E0EA6700C1F}.Debug|x64.ActiveCfg = Debug|Any CPU
		{64E6EF84-F77E-4F0D-A19D-9E0EA6700C1F}.Debug|x64.Build.0 = Debug|Any CPU
		{64E6EF84-F77E-4F0D-A19D-9E0EA6700C1F}.Debug|x86.ActiveCfg = Debug|Any CPU
		{64E6EF84-F77E-4F0D-A19D-9E0EA6700C1F}.Debug|x86.Build.0 = Debug|Any CPU
		{64E6EF84-F77E-4F0D-A19D-9E0EA6700C1F}.Release|Any CPU.ActiveCfg = Release|Any CPU
		{64E6EF84-F77E-4F0D-A19D-9E0EA6700C1F}.Release|Any CPU.Build.0 = Release|Any CPU
		{64E6EF84-F77E-4F0D-A19D-9E0EA6700C1F}.Release|x64.ActiveCfg = Release|Any CPU
		{64E6EF84-F77E-4F0D-A19D-9E0EA6700C1F}.Release|x64.Build.0 = Release|Any CPU
		{64E6EF84-F77E-4F0D-A19D-9E0EA6700C1F}.Release|x86.ActiveCfg = Release|Any CPU
		{64E6EF84-F77E-4F0D-A19D-9E0EA6700C1F}.Release|x86.Build.0 = Release|Any CPU
		{CA32F0F2-F3AB-432B-9F74-D8F5F4B3A824}.Debug|Any CPU.ActiveCfg = Debug|Any CPU
		{CA32F0F2-F3AB-432B-9F74-D8F5F4B3A824}.Debug|Any CPU.Build.0 = Debug|Any CPU
		{CA32F0F2-F3AB-432B-9F74-D8F5F4B3A824}.Debug|x64.ActiveCfg = Debug|x64
		{CA32F0F2-F3AB-432B-9F74-D8F5F4B3A824}.Debug|x64.Build.0 = Debug|x64
		{CA32F0F2-F3AB-432B-9F74-D8F5F4B3A824}.Debug|x86.ActiveCfg = Debug|x86
		{CA32F0F2-F3AB-432B-9F74-D8F5F4B3A824}.Debug|x86.Build.0 = Debug|x86
		{CA32F0F2-F3AB-432B-9F74-D8F5F4B3A824}.Release|Any CPU.ActiveCfg = Release|Any CPU
		{CA32F0F2-F3AB-432B-9F74-D8F5F4B3A824}.Release|Any CPU.Build.0 = Release|Any CPU
		{CA32F0F2-F3AB-432B-9F74-D8F5F4B3A824}.Release|x64.ActiveCfg = Release|x64
		{CA32F0F2-F3AB-432B-9F74-D8F5F4B3A824}.Release|x64.Build.0 = Release|x64
		{CA32F0F2-F3AB-432B-9F74-D8F5F4B3A824}.Release|x86.ActiveCfg = Release|x86
		{CA32F0F2-F3AB-432B-9F74-D8F5F4B3A824}.Release|x86.Build.0 = Release|x86
		{D227069C-47D9-4EDF-B9A5-29212CBD98D4}.Debug|Any CPU.ActiveCfg = Debug|Any CPU
		{D227069C-47D9-4EDF-B9A5-29212CBD98D4}.Debug|Any CPU.Build.0 = Debug|Any CPU
		{D227069C-47D9-4EDF-B9A5-29212CBD98D4}.Debug|x64.ActiveCfg = Debug|Any CPU
		{D227069C-47D9-4EDF-B9A5-29212CBD98D4}.Debug|x64.Build.0 = Debug|Any CPU
		{D227069C-47D9-4EDF-B9A5-29212CBD98D4}.Debug|x86.ActiveCfg = Debug|Any CPU
		{D227069C-47D9-4EDF-B9A5-29212CBD98D4}.Debug|x86.Build.0 = Debug|Any CPU
		{D227069C-47D9-4EDF-B9A5-29212CBD98D4}.Release|Any CPU.ActiveCfg = Release|Any CPU
		{D227069C-47D9-4EDF-B9A5-29212CBD98D4}.Release|Any CPU.Build.0 = Release|Any CPU
		{D227069C-47D9-4EDF-B9A5-29212CBD98D4}.Release|x64.ActiveCfg = Release|Any CPU
		{D227069C-47D9-4EDF-B9A5-29212CBD98D4}.Release|x64.Build.0 = Release|Any CPU
		{D227069C-47D9-4EDF-B9A5-29212CBD98D4}.Release|x86.ActiveCfg = Release|Any CPU
		{D227069C-47D9-4EDF-B9A5-29212CBD98D4}.Release|x86.Build.0 = Release|Any CPU
		{26191ACD-6509-411B-BE64-80E4047608A5}.Debug|Any CPU.ActiveCfg = Debug|Any CPU
		{26191ACD-6509-411B-BE64-80E4047608A5}.Debug|Any CPU.Build.0 = Debug|Any CPU
		{26191ACD-6509-411B-BE64-80E4047608A5}.Debug|x64.ActiveCfg = Debug|Any CPU
		{26191ACD-6509-411B-BE64-80E4047608A5}.Debug|x64.Build.0 = Debug|Any CPU
		{26191ACD-6509-411B-BE64-80E4047608A5}.Debug|x86.ActiveCfg = Debug|Any CPU
		{26191ACD-6509-411B-BE64-80E4047608A5}.Debug|x86.Build.0 = Debug|Any CPU
		{26191ACD-6509-411B-BE64-80E4047608A5}.Release|Any CPU.ActiveCfg = Release|Any CPU
		{26191ACD-6509-411B-BE64-80E4047608A5}.Release|Any CPU.Build.0 = Release|Any CPU
		{26191ACD-6509-411B-BE64-80E4047608A5}.Release|x64.ActiveCfg = Release|Any CPU
		{26191ACD-6509-411B-BE64-80E4047608A5}.Release|x64.Build.0 = Release|Any CPU
		{26191ACD-6509-411B-BE64-80E4047608A5}.Release|x86.ActiveCfg = Release|Any CPU
		{26191ACD-6509-411B-BE64-80E4047608A5}.Release|x86.Build.0 = Release|Any CPU
		{5A55F848-4983-413B-9164-4B46868CEFA5}.Debug|Any CPU.ActiveCfg = Debug|Any CPU
		{5A55F848-4983-413B-9164-4B46868CEFA5}.Debug|Any CPU.Build.0 = Debug|Any CPU
		{5A55F848-4983-413B-9164-4B46868CEFA5}.Debug|x64.ActiveCfg = Debug|Any CPU
		{5A55F848-4983-413B-9164-4B46868CEFA5}.Debug|x64.Build.0 = Debug|Any CPU
		{5A55F848-4983-413B-9164-4B46868CEFA5}.Debug|x86.ActiveCfg = Debug|Any CPU
		{5A55F848-4983-413B-9164-4B46868CEFA5}.Debug|x86.Build.0 = Debug|Any CPU
		{5A55F848-4983-413B-9164-4B46868CEFA5}.Release|Any CPU.ActiveCfg = Release|Any CPU
		{5A55F848-4983-413B-9164-4B46868CEFA5}.Release|Any CPU.Build.0 = Release|Any CPU
		{5A55F848-4983-413B-9164-4B46868CEFA5}.Release|x64.ActiveCfg = Release|Any CPU
		{5A55F848-4983-413B-9164-4B46868CEFA5}.Release|x64.Build.0 = Release|Any CPU
		{5A55F848-4983-413B-9164-4B46868CEFA5}.Release|x86.ActiveCfg = Release|Any CPU
		{5A55F848-4983-413B-9164-4B46868CEFA5}.Release|x86.Build.0 = Release|Any CPU
		{D2B553DF-0B03-42C3-9B36-246D6BB08306}.Debug|Any CPU.ActiveCfg = Debug|Any CPU
		{D2B553DF-0B03-42C3-9B36-246D6BB08306}.Debug|Any CPU.Build.0 = Debug|Any CPU
		{D2B553DF-0B03-42C3-9B36-246D6BB08306}.Debug|x64.ActiveCfg = Debug|Any CPU
		{D2B553DF-0B03-42C3-9B36-246D6BB08306}.Debug|x64.Build.0 = Debug|Any CPU
		{D2B553DF-0B03-42C3-9B36-246D6BB08306}.Debug|x86.ActiveCfg = Debug|Any CPU
		{D2B553DF-0B03-42C3-9B36-246D6BB08306}.Debug|x86.Build.0 = Debug|Any CPU
		{D2B553DF-0B03-42C3-9B36-246D6BB08306}.Release|Any CPU.ActiveCfg = Release|Any CPU
		{D2B553DF-0B03-42C3-9B36-246D6BB08306}.Release|Any CPU.Build.0 = Release|Any CPU
		{D2B553DF-0B03-42C3-9B36-246D6BB08306}.Release|x64.ActiveCfg = Release|Any CPU
		{D2B553DF-0B03-42C3-9B36-246D6BB08306}.Release|x64.Build.0 = Release|Any CPU
		{D2B553DF-0B03-42C3-9B36-246D6BB08306}.Release|x86.ActiveCfg = Release|Any CPU
		{D2B553DF-0B03-42C3-9B36-246D6BB08306}.Release|x86.Build.0 = Release|Any CPU
		{025D38DA-DD8A-4668-B2CB-F267D998025B}.Debug|Any CPU.ActiveCfg = Debug|Any CPU
		{025D38DA-DD8A-4668-B2CB-F267D998025B}.Debug|Any CPU.Build.0 = Debug|Any CPU
		{025D38DA-DD8A-4668-B2CB-F267D998025B}.Debug|x64.ActiveCfg = Debug|Any CPU
		{025D38DA-DD8A-4668-B2CB-F267D998025B}.Debug|x64.Build.0 = Debug|Any CPU
		{025D38DA-DD8A-4668-B2CB-F267D998025B}.Debug|x86.ActiveCfg = Debug|Any CPU
		{025D38DA-DD8A-4668-B2CB-F267D998025B}.Debug|x86.Build.0 = Debug|Any CPU
		{025D38DA-DD8A-4668-B2CB-F267D998025B}.Release|Any CPU.ActiveCfg = Release|Any CPU
		{025D38DA-DD8A-4668-B2CB-F267D998025B}.Release|Any CPU.Build.0 = Release|Any CPU
		{025D38DA-DD8A-4668-B2CB-F267D998025B}.Release|x64.ActiveCfg = Release|Any CPU
		{025D38DA-DD8A-4668-B2CB-F267D998025B}.Release|x64.Build.0 = Release|Any CPU
		{025D38DA-DD8A-4668-B2CB-F267D998025B}.Release|x86.ActiveCfg = Release|Any CPU
		{025D38DA-DD8A-4668-B2CB-F267D998025B}.Release|x86.Build.0 = Release|Any CPU
		{A5B50C44-9C33-4102-A159-43CD5ED16A24}.Debug|Any CPU.ActiveCfg = Debug|Any CPU
		{A5B50C44-9C33-4102-A159-43CD5ED16A24}.Debug|Any CPU.Build.0 = Debug|Any CPU
		{A5B50C44-9C33-4102-A159-43CD5ED16A24}.Debug|x64.ActiveCfg = Debug|Any CPU
		{A5B50C44-9C33-4102-A159-43CD5ED16A24}.Debug|x64.Build.0 = Debug|Any CPU
		{A5B50C44-9C33-4102-A159-43CD5ED16A24}.Debug|x86.ActiveCfg = Debug|Any CPU
		{A5B50C44-9C33-4102-A159-43CD5ED16A24}.Debug|x86.Build.0 = Debug|Any CPU
		{A5B50C44-9C33-4102-A159-43CD5ED16A24}.Release|Any CPU.ActiveCfg = Release|Any CPU
		{A5B50C44-9C33-4102-A159-43CD5ED16A24}.Release|Any CPU.Build.0 = Release|Any CPU
		{A5B50C44-9C33-4102-A159-43CD5ED16A24}.Release|x64.ActiveCfg = Release|Any CPU
		{A5B50C44-9C33-4102-A159-43CD5ED16A24}.Release|x64.Build.0 = Release|Any CPU
		{A5B50C44-9C33-4102-A159-43CD5ED16A24}.Release|x86.ActiveCfg = Release|Any CPU
		{A5B50C44-9C33-4102-A159-43CD5ED16A24}.Release|x86.Build.0 = Release|Any CPU
		{D2615A8A-9F62-4DBB-9971-3EB29B1100DA}.Debug|Any CPU.ActiveCfg = Debug|Any CPU
		{D2615A8A-9F62-4DBB-9971-3EB29B1100DA}.Debug|Any CPU.Build.0 = Debug|Any CPU
		{D2615A8A-9F62-4DBB-9971-3EB29B1100DA}.Debug|x64.ActiveCfg = Debug|Any CPU
		{D2615A8A-9F62-4DBB-9971-3EB29B1100DA}.Debug|x64.Build.0 = Debug|Any CPU
		{D2615A8A-9F62-4DBB-9971-3EB29B1100DA}.Debug|x86.ActiveCfg = Debug|Any CPU
		{D2615A8A-9F62-4DBB-9971-3EB29B1100DA}.Debug|x86.Build.0 = Debug|Any CPU
		{D2615A8A-9F62-4DBB-9971-3EB29B1100DA}.Release|Any CPU.ActiveCfg = Release|Any CPU
		{D2615A8A-9F62-4DBB-9971-3EB29B1100DA}.Release|Any CPU.Build.0 = Release|Any CPU
		{D2615A8A-9F62-4DBB-9971-3EB29B1100DA}.Release|x64.ActiveCfg = Release|Any CPU
		{D2615A8A-9F62-4DBB-9971-3EB29B1100DA}.Release|x64.Build.0 = Release|Any CPU
		{D2615A8A-9F62-4DBB-9971-3EB29B1100DA}.Release|x86.ActiveCfg = Release|Any CPU
		{D2615A8A-9F62-4DBB-9971-3EB29B1100DA}.Release|x86.Build.0 = Release|Any CPU
		{58DACEA1-04AD-4B4C-8684-4DE45B295876}.Debug|Any CPU.ActiveCfg = Debug|Any CPU
		{58DACEA1-04AD-4B4C-8684-4DE45B295876}.Debug|Any CPU.Build.0 = Debug|Any CPU
		{58DACEA1-04AD-4B4C-8684-4DE45B295876}.Debug|x64.ActiveCfg = Debug|Any CPU
		{58DACEA1-04AD-4B4C-8684-4DE45B295876}.Debug|x64.Build.0 = Debug|Any CPU
		{58DACEA1-04AD-4B4C-8684-4DE45B295876}.Debug|x86.ActiveCfg = Debug|Any CPU
		{58DACEA1-04AD-4B4C-8684-4DE45B295876}.Debug|x86.Build.0 = Debug|Any CPU
		{58DACEA1-04AD-4B4C-8684-4DE45B295876}.Release|Any CPU.ActiveCfg = Release|Any CPU
		{58DACEA1-04AD-4B4C-8684-4DE45B295876}.Release|Any CPU.Build.0 = Release|Any CPU
		{58DACEA1-04AD-4B4C-8684-4DE45B295876}.Release|x64.ActiveCfg = Release|Any CPU
		{58DACEA1-04AD-4B4C-8684-4DE45B295876}.Release|x64.Build.0 = Release|Any CPU
		{58DACEA1-04AD-4B4C-8684-4DE45B295876}.Release|x86.ActiveCfg = Release|Any CPU
		{58DACEA1-04AD-4B4C-8684-4DE45B295876}.Release|x86.Build.0 = Release|Any CPU
		{FE607A3A-FDFC-4FF5-88A5-DD65043B5F5D}.Debug|Any CPU.ActiveCfg = Debug|Any CPU
		{FE607A3A-FDFC-4FF5-88A5-DD65043B5F5D}.Debug|Any CPU.Build.0 = Debug|Any CPU
		{FE607A3A-FDFC-4FF5-88A5-DD65043B5F5D}.Debug|x64.ActiveCfg = Debug|Any CPU
		{FE607A3A-FDFC-4FF5-88A5-DD65043B5F5D}.Debug|x64.Build.0 = Debug|Any CPU
		{FE607A3A-FDFC-4FF5-88A5-DD65043B5F5D}.Debug|x86.ActiveCfg = Debug|Any CPU
		{FE607A3A-FDFC-4FF5-88A5-DD65043B5F5D}.Debug|x86.Build.0 = Debug|Any CPU
		{FE607A3A-FDFC-4FF5-88A5-DD65043B5F5D}.Release|Any CPU.ActiveCfg = Release|Any CPU
		{FE607A3A-FDFC-4FF5-88A5-DD65043B5F5D}.Release|Any CPU.Build.0 = Release|Any CPU
		{FE607A3A-FDFC-4FF5-88A5-DD65043B5F5D}.Release|x64.ActiveCfg = Release|Any CPU
		{FE607A3A-FDFC-4FF5-88A5-DD65043B5F5D}.Release|x64.Build.0 = Release|Any CPU
		{FE607A3A-FDFC-4FF5-88A5-DD65043B5F5D}.Release|x86.ActiveCfg = Release|Any CPU
		{FE607A3A-FDFC-4FF5-88A5-DD65043B5F5D}.Release|x86.Build.0 = Release|Any CPU
		{DE982586-835F-4B8D-8EDE-A0066256CB4F}.Debug|Any CPU.ActiveCfg = Debug|Any CPU
		{DE982586-835F-4B8D-8EDE-A0066256CB4F}.Debug|Any CPU.Build.0 = Debug|Any CPU
		{DE982586-835F-4B8D-8EDE-A0066256CB4F}.Debug|x64.ActiveCfg = Debug|Any CPU
		{DE982586-835F-4B8D-8EDE-A0066256CB4F}.Debug|x64.Build.0 = Debug|Any CPU
		{DE982586-835F-4B8D-8EDE-A0066256CB4F}.Debug|x86.ActiveCfg = Debug|Any CPU
		{DE982586-835F-4B8D-8EDE-A0066256CB4F}.Debug|x86.Build.0 = Debug|Any CPU
		{DE982586-835F-4B8D-8EDE-A0066256CB4F}.Release|Any CPU.ActiveCfg = Release|Any CPU
		{DE982586-835F-4B8D-8EDE-A0066256CB4F}.Release|Any CPU.Build.0 = Release|Any CPU
		{DE982586-835F-4B8D-8EDE-A0066256CB4F}.Release|x64.ActiveCfg = Release|Any CPU
		{DE982586-835F-4B8D-8EDE-A0066256CB4F}.Release|x64.Build.0 = Release|Any CPU
		{DE982586-835F-4B8D-8EDE-A0066256CB4F}.Release|x86.ActiveCfg = Release|Any CPU
		{DE982586-835F-4B8D-8EDE-A0066256CB4F}.Release|x86.Build.0 = Release|Any CPU
		{EE18E6A2-9DE9-4117-A5F5-55DDB8F4EBE0}.Debug|Any CPU.ActiveCfg = Debug|Any CPU
		{EE18E6A2-9DE9-4117-A5F5-55DDB8F4EBE0}.Debug|Any CPU.Build.0 = Debug|Any CPU
		{EE18E6A2-9DE9-4117-A5F5-55DDB8F4EBE0}.Debug|x64.ActiveCfg = Debug|Any CPU
		{EE18E6A2-9DE9-4117-A5F5-55DDB8F4EBE0}.Debug|x64.Build.0 = Debug|Any CPU
		{EE18E6A2-9DE9-4117-A5F5-55DDB8F4EBE0}.Debug|x86.ActiveCfg = Debug|Any CPU
		{EE18E6A2-9DE9-4117-A5F5-55DDB8F4EBE0}.Debug|x86.Build.0 = Debug|Any CPU
		{EE18E6A2-9DE9-4117-A5F5-55DDB8F4EBE0}.Release|Any CPU.ActiveCfg = Release|Any CPU
		{EE18E6A2-9DE9-4117-A5F5-55DDB8F4EBE0}.Release|Any CPU.Build.0 = Release|Any CPU
		{EE18E6A2-9DE9-4117-A5F5-55DDB8F4EBE0}.Release|x64.ActiveCfg = Release|Any CPU
		{EE18E6A2-9DE9-4117-A5F5-55DDB8F4EBE0}.Release|x64.Build.0 = Release|Any CPU
		{EE18E6A2-9DE9-4117-A5F5-55DDB8F4EBE0}.Release|x86.ActiveCfg = Release|Any CPU
		{EE18E6A2-9DE9-4117-A5F5-55DDB8F4EBE0}.Release|x86.Build.0 = Release|Any CPU
		{2C2E289A-3727-40CA-8255-A27B2AC60013}.Debug|Any CPU.ActiveCfg = Debug|Any CPU
		{2C2E289A-3727-40CA-8255-A27B2AC60013}.Debug|Any CPU.Build.0 = Debug|Any CPU
		{2C2E289A-3727-40CA-8255-A27B2AC60013}.Debug|x64.ActiveCfg = Debug|Any CPU
		{2C2E289A-3727-40CA-8255-A27B2AC60013}.Debug|x64.Build.0 = Debug|Any CPU
		{2C2E289A-3727-40CA-8255-A27B2AC60013}.Debug|x86.ActiveCfg = Debug|Any CPU
		{2C2E289A-3727-40CA-8255-A27B2AC60013}.Debug|x86.Build.0 = Debug|Any CPU
		{2C2E289A-3727-40CA-8255-A27B2AC60013}.Release|Any CPU.ActiveCfg = Release|Any CPU
		{2C2E289A-3727-40CA-8255-A27B2AC60013}.Release|Any CPU.Build.0 = Release|Any CPU
		{2C2E289A-3727-40CA-8255-A27B2AC60013}.Release|x64.ActiveCfg = Release|Any CPU
		{2C2E289A-3727-40CA-8255-A27B2AC60013}.Release|x64.Build.0 = Release|Any CPU
		{2C2E289A-3727-40CA-8255-A27B2AC60013}.Release|x86.ActiveCfg = Release|Any CPU
		{2C2E289A-3727-40CA-8255-A27B2AC60013}.Release|x86.Build.0 = Release|Any CPU
	EndGlobalSection
	GlobalSection(SolutionProperties) = preSolution
		HideSolutionNode = FALSE
	EndGlobalSection
	GlobalSection(NestedProjects) = preSolution
		{9D21E271-F3E1-40E5-8441-563EF71C626E} = {C2F85CC4-B870-4C4D-B681-2E268F8C7F54}
		{9E0C3C59-4ECA-4E39-BF67-B0E42B091B33} = {C2F85CC4-B870-4C4D-B681-2E268F8C7F54}
		{EF4E24C6-76AE-4628-95C9-31BC99609602} = {C2F85CC4-B870-4C4D-B681-2E268F8C7F54}
		{F36277A1-F986-4A84-A236-ECC4441DCD86} = {4357734F-ED75-4E82-B765-586EE8B4AF56}
		{38568A4E-DB00-4C10-A8F9-2B69DDA89356} = {4357734F-ED75-4E82-B765-586EE8B4AF56}
		{E7A52A20-85FD-4375-B3ED-F82F7FFB778C} = {4357734F-ED75-4E82-B765-586EE8B4AF56}
		{1CE6AC74-232B-4A72-A95A-2B27EE02056A} = {4357734F-ED75-4E82-B765-586EE8B4AF56}
		{FE9C9A31-9545-4B86-87E6-C3D6E5167359} = {4357734F-ED75-4E82-B765-586EE8B4AF56}
		{1FEE9F92-C747-4A0C-90EE-4AAB56AB0CC8} = {4357734F-ED75-4E82-B765-586EE8B4AF56}
		{3E070A3E-8A48-4F2C-97FD-2BF8D5FAA103} = {4357734F-ED75-4E82-B765-586EE8B4AF56}
		{A1CE632C-7C0F-4920-A118-79CFC9138106} = {C3966CD8-1D52-499A-98C1-A74DCCF00074}
		{64E6EF84-F77E-4F0D-A19D-9E0EA6700C1F} = {3489EC85-665E-43FC-9D25-A939E498EE1A}
		{CA32F0F2-F3AB-432B-9F74-D8F5F4B3A824} = {255D957E-528D-40D7-B50A-51008CB43764}
		{D227069C-47D9-4EDF-B9A5-29212CBD98D4} = {C2F85CC4-B870-4C4D-B681-2E268F8C7F54}
		{26191ACD-6509-411B-BE64-80E4047608A5} = {C2F85CC4-B870-4C4D-B681-2E268F8C7F54}
		{5A55F848-4983-413B-9164-4B46868CEFA5} = {1870006D-F5DC-4711-98DD-5502B74B848E}
		{D2B553DF-0B03-42C3-9B36-246D6BB08306} = {1870006D-F5DC-4711-98DD-5502B74B848E}
		{025D38DA-DD8A-4668-B2CB-F267D998025B} = {1870006D-F5DC-4711-98DD-5502B74B848E}
		{A5B50C44-9C33-4102-A159-43CD5ED16A24} = {1870006D-F5DC-4711-98DD-5502B74B848E}
		{D2615A8A-9F62-4DBB-9971-3EB29B1100DA} = {C2F85CC4-B870-4C4D-B681-2E268F8C7F54}
		{58DACEA1-04AD-4B4C-8684-4DE45B295876} = {255D957E-528D-40D7-B50A-51008CB43764}
		{40C97995-1F9C-4C12-8DD4-E542BA5AD0D0} = {F438EE70-361F-43FA-98AF-40F1CC573214}
		{FE607A3A-FDFC-4FF5-88A5-DD65043B5F5D} = {1870006D-F5DC-4711-98DD-5502B74B848E}
		{DE982586-835F-4B8D-8EDE-A0066256CB4F} = {C2F85CC4-B870-4C4D-B681-2E268F8C7F54}
		{EE18E6A2-9DE9-4117-A5F5-55DDB8F4EBE0} = {C2F85CC4-B870-4C4D-B681-2E268F8C7F54}
		{2C2E289A-3727-40CA-8255-A27B2AC60013} = {3489EC85-665E-43FC-9D25-A939E498EE1A}
	EndGlobalSection
	GlobalSection(ExtensibilityGlobals) = postSolution
		SolutionGuid = {1345F8B9-81BD-4394-B810-43D109A5A33A}
	EndGlobalSection
EndGlobal
