
Microsoft Visual Studio Solution File, Format Version 12.00
# Visual Studio Version 17
VisualStudioVersion = 17.8.34316.72
MinimumVisualStudioVersion = 10.0.40219.1
Project("{2150E333-8FDC-42A3-9474-1A3956D46DE8}") = "Src", "Src", "{80DCE6B7-4BD9-415C-B053-92B059D7C938}"
EndProject
Project("{2150E333-8FDC-42A3-9474-1A3956D46DE8}") = "Tests", "Tests", "{0C67D233-4FD1-424F-83B4-82706126EF6A}"
EndProject
Project("{2150E333-8FDC-42A3-9474-1A3956D46DE8}") = "Generators", "Generators", "{E5BBF1DE-6F46-4695-80C2-9FD1D7674246}"
	ProjectSection(SolutionItems) = preProject
		Generators\LICENSE = Generators\LICENSE
	EndProjectSection
EndProject
Project("{2150E333-8FDC-42A3-9474-1A3956D46DE8}") = "Benchmarks", "Benchmarks", "{5FF457D2-597F-4800-B8D6-9069A732D288}"
EndProject
Project("{9A19103F-16F7-4668-BE54-9A1E7A4F7556}") = "GBX.NET", "Src\GBX.NET\GBX.NET.csproj", "{84A8FA63-B164-401B-9581-0C4C1EBD896F}"
EndProject
Project("{9A19103F-16F7-4668-BE54-9A1E7A4F7556}") = "GBX.NET.Tests", "Tests\GBX.NET.Tests\GBX.NET.Tests.csproj", "{619E7699-1775-42D5-9114-E9C90ABFB619}"
EndProject
Project("{2150E333-8FDC-42A3-9474-1A3956D46DE8}") = "Tools", "Tools", "{F3336145-FDA9-4517-AEDC-7F4C4D526ECB}"
	ProjectSection(SolutionItems) = preProject
		Tools\LICENSE = Tools\LICENSE
	EndProjectSection
EndProject
Project("{9A19103F-16F7-4668-BE54-9A1E7A4F7556}") = "GbxExplorer.Server", "Tools\GbxExplorer\Server\GbxExplorer.Server.csproj", "{C925FAB4-0D44-41FF-8A22-321619E6E268}"
EndProject
Project("{9A19103F-16F7-4668-BE54-9A1E7A4F7556}") = "GbxExplorer.Client", "Tools\GbxExplorer\Client\GbxExplorer.Client.csproj", "{7BBE4E80-6702-4313-9CEA-1AE10D0E76A0}"
EndProject
Project("{9A19103F-16F7-4668-BE54-9A1E7A4F7556}") = "GbxExplorer.Shared", "Tools\GbxExplorer\Shared\GbxExplorer.Shared.csproj", "{9A8446FC-A5C2-4028-B433-6FC550097877}"
EndProject
Project("{9A19103F-16F7-4668-BE54-9A1E7A4F7556}") = "GBX.NET.LZO", "Src\GBX.NET.LZO\GBX.NET.LZO.csproj", "{46BF2235-2EA9-47E0-B238-392D054BB648}"
EndProject
Project("{9A19103F-16F7-4668-BE54-9A1E7A4F7556}") = "GBX.NET.Benchmarks", "Benchmarks\GBX.NET.Benchmarks\GBX.NET.Benchmarks.csproj", "{3DFA38D7-7AE4-407B-A663-A74D92AE7C0E}"
EndProject
Project("{9A19103F-16F7-4668-BE54-9A1E7A4F7556}") = "GBX.NET.Extensions.Hosting", "Src\GBX.NET.Extensions.Hosting\GBX.NET.Extensions.Hosting.csproj", "{750CDBC4-56AD-4333-9395-780DE57979F7}"
EndProject
Project("{9A19103F-16F7-4668-BE54-9A1E7A4F7556}") = "GbxExplorer.Component", "Tools\GbxExplorer\Component\GbxExplorer.Component.csproj", "{6C6723BF-C3D6-413B-A537-65C824D5E323}"
EndProject
Project("{9A19103F-16F7-4668-BE54-9A1E7A4F7556}") = "GBX.NET.Generators", "Generators\GBX.NET.Generators\GBX.NET.Generators.csproj", "{124D61D8-4B2F-4122-83F7-1DF157148BAC}"
EndProject
Project("{9A19103F-16F7-4668-BE54-9A1E7A4F7556}") = "ClassInfoFromId", "Tools\ClassInfoFromId\ClassInfoFromId.csproj", "{83569466-5E7D-4827-B810-42AE309B2346}"
EndProject
Project("{2150E333-8FDC-42A3-9474-1A3956D46DE8}") = "Položky řešení", "Položky řešení", "{6A6CAA3D-18B0-4937-B071-688C11D1A537}"
	ProjectSection(SolutionItems) = preProject
		.dockerignore = .dockerignore
		.editorconfig = .editorconfig
		.gitattributes = .gitattributes
		.gitignore = .gitignore
		README.md = README.md
		SUPPORTED_GBX_FILE_TYPES.md = SUPPORTED_GBX_FILE_TYPES.md
	EndProjectSection
EndProject
Project("{9A19103F-16F7-4668-BE54-9A1E7A4F7556}") = "GbxExplorer.Photino", "Tools\GbxExplorer\Photino\GbxExplorer.Photino.csproj", "{36863733-DF0F-4B9C-9612-BB4FE5036250}"
EndProject
Project("{9A19103F-16F7-4668-BE54-9A1E7A4F7556}") = "ClassIdTxtFromGbxClassInfo", "Tools\ClassIdTxtFromGbxClassInfo\ClassIdTxtFromGbxClassInfo.csproj", "{E98AC215-8C61-4337-B64B-20AB3B7B6F25}"
EndProject
Project("{2150E333-8FDC-42A3-9474-1A3956D46DE8}") = "Resources", "Resources", "{3111C645-E0FA-4957-94AE-7BD7254CFCB6}"
	ProjectSection(SolutionItems) = preProject
		Resources\ClassId.txt = Resources\ClassId.txt
		Resources\CollectionId.txt = Resources\CollectionId.txt
		Resources\Engine.txt = Resources\Engine.txt
		Resources\Extensions.txt = Resources\Extensions.txt
		Resources\LICENSE = Resources\LICENSE
		Resources\Unwrap.txt = Resources\Unwrap.txt
		Resources\Wrap.txt = Resources\Wrap.txt
		Resources\WrapTMF.txt = Resources\WrapTMF.txt
	EndProjectSection
EndProject
Project("{9A19103F-16F7-4668-BE54-9A1E7A4F7556}") = "GBX.NET.Tests.Generators", "Generators\GBX.NET.Tests.Generators\GBX.NET.Tests.Generators.csproj", "{D59DD3E9-08AF-4935-B0F3-5FEB2417C013}"
EndProject
Project("{9A19103F-16F7-4668-BE54-9A1E7A4F7556}") = "GBX.NET.Hashing", "Src\GBX.NET.Hashing\GBX.NET.Hashing.csproj", "{F5B9CBC6-C401-4F60-81BC-67B2DA30295D}"
EndProject
Project("{9A19103F-16F7-4668-BE54-9A1E7A4F7556}") = "GBX.NET.Crypto", "Src\GBX.NET.Crypto\GBX.NET.Crypto.csproj", "{6C626624-23A3-4E12-9A9A-5D6636C6149E}"
EndProject
Project("{9A19103F-16F7-4668-BE54-9A1E7A4F7556}") = "GBX.NET.PAK", "Src\GBX.NET.PAK\GBX.NET.PAK.csproj", "{3D417D17-BA50-4FB9-87FF-58662CBBC403}"
EndProject
Project("{2150E333-8FDC-42A3-9474-1A3956D46DE8}") = "Samples", "Samples", "{8F4F67F6-6FC6-4382-8DEE-A01030E619F3}"
	ProjectSection(SolutionItems) = preProject
		Samples\LICENSE = Samples\LICENSE
	EndProjectSection
EndProject
Project("{2150E333-8FDC-42A3-9474-1A3956D46DE8}") = "Trimming", "Trimming", "{09B7FD75-652F-496A-BF00-11094CB1C14C}"
EndProject
Project("{9A19103F-16F7-4668-BE54-9A1E7A4F7556}") = "SimpleMapInfo_Untrimmed", "Samples\Trimming\SimpleMapInfo_Untrimmed\SimpleMapInfo_Untrimmed.csproj", "{46248AC5-687A-43B9-A782-860752DE1BB3}"
EndProject
Project("{9A19103F-16F7-4668-BE54-9A1E7A4F7556}") = "SimpleMapInfo_Trimmed", "Samples\Trimming\SimpleMapInfo_Trimmed\SimpleMapInfo_Trimmed.csproj", "{C25B0485-F59A-47AE-BAD3-891D037CD71E}"
EndProject
Project("{9A19103F-16F7-4668-BE54-9A1E7A4F7556}") = "SimpleMapInfo_TrimmedGeneric", "Samples\Trimming\SimpleMapInfo_TrimmedGeneric\SimpleMapInfo_TrimmedGeneric.csproj", "{D140ABC0-E797-4E7D-918D-CF2B602171CE}"
EndProject
Project("{2150E333-8FDC-42A3-9474-1A3956D46DE8}") = "NativeAOT", "NativeAOT", "{FA4DBC9C-A9D6-4532-84DE-647FE8EF3881}"
EndProject
Project("{2150E333-8FDC-42A3-9474-1A3956D46DE8}") = "Beginner", "Beginner", "{FB4631D3-4622-489D-B722-2AD86C7361BA}"
EndProject
Project("{2150E333-8FDC-42A3-9474-1A3956D46DE8}") = "Advanced", "Advanced", "{0A6947D1-283B-4DC0-A041-4661A8D6DF55}"
EndProject
Project("{9A19103F-16F7-4668-BE54-9A1E7A4F7556}") = "FullMapInfo", "Samples\Beginner\FullMapInfo\FullMapInfo.csproj", "{9C8DF117-D7D1-4E9E-BACD-2E16DD3BD053}"
EndProject
Project("{9A19103F-16F7-4668-BE54-9A1E7A4F7556}") = "ClassIdFormatter", "Tools\ClassIdFormatter\ClassIdFormatter.csproj", "{C98445DB-08AB-437A-9DF3-396886572AEC}"
EndProject
Project("{9A19103F-16F7-4668-BE54-9A1E7A4F7556}") = "GBX.NET.Lua", "Src\GBX.NET.Lua\GBX.NET.Lua.csproj", "{CB3B39F5-5447-4C12-A416-08D5BB56450B}"
EndProject
Project("{9A19103F-16F7-4668-BE54-9A1E7A4F7556}") = "GbxLuaInterpreter", "Tools\GbxLuaInterpreter\GbxLuaInterpreter.csproj", "{EF0A5BD1-C5B4-4A41-B959-92EB56C22493}"
EndProject
Project("{9A19103F-16F7-4668-BE54-9A1E7A4F7556}") = "GbxDiscordBot", "Tools\GbxDiscordBot\GbxDiscordBot.csproj", "{84EDDB1D-F8ED-46BC-8EFB-C13D294A0787}"
EndProject
Project("{9A19103F-16F7-4668-BE54-9A1E7A4F7556}") = "ParseRepeater", "Tools\ParseRepeater\ParseRepeater.csproj", "{D6B90011-06F2-493B-B145-F7CC89F0A827}"
EndProject
Project("{9A19103F-16F7-4668-BE54-9A1E7A4F7556}") = "GbxToJson", "Tools\GbxToJson\GbxToJson.csproj", "{C4AA5FE1-5C66-4306-8616-4F0B96D4C98C}"
EndProject
Project("{9A19103F-16F7-4668-BE54-9A1E7A4F7556}") = "GBX.NET.Json", "Src\GBX.NET.Json\GBX.NET.Json.csproj", "{F45B33A5-1478-4AA8-8592-8168C37A36FA}"
EndProject
Project("{9A19103F-16F7-4668-BE54-9A1E7A4F7556}") = "BulkParseTest", "Tools\BulkParseTest\BulkParseTest.csproj", "{A6058F78-E06B-46FE-B3DA-350BEB57A702}"
EndProject
Project("{9A19103F-16F7-4668-BE54-9A1E7A4F7556}") = "GBX.NET.Lua.Generators", "Generators\GBX.NET.Lua.Generators\GBX.NET.Lua.Generators.csproj", "{1456C368-982B-488F-871C-F318901B758F}"
EndProject
Project("{9A19103F-16F7-4668-BE54-9A1E7A4F7556}") = "GbxDiff", "Tools\GbxDiff\GbxDiff.csproj", "{CF54C65D-34D3-4B7B-BFEB-70E66CC4447E}"
EndProject
Project("{9A19103F-16F7-4668-BE54-9A1E7A4F7556}") = "EnvimixForTM2020", "Samples\Beginner\EnvimixForTM2020\EnvimixForTM2020.csproj", "{6115F9C6-189F-4652-8635-A6938314FBE1}"
EndProject
Project("{9A19103F-16F7-4668-BE54-9A1E7A4F7556}") = "GBX.NET.Imaging", "Src\GBX.NET.Imaging\GBX.NET.Imaging.csproj", "{956341FB-F117-47C0-9FBF-AB3687DA74A9}"
EndProject
Project("{9A19103F-16F7-4668-BE54-9A1E7A4F7556}") = "GBX.NET.Imaging.SkiaSharp", "Src\GBX.NET.Imaging.SkiaSharp\GBX.NET.Imaging.SkiaSharp.csproj", "{D873A7F8-EDFE-4126-8532-7C59B7AA6598}"
EndProject
Project("{9A19103F-16F7-4668-BE54-9A1E7A4F7556}") = "GBX.NET.Imaging.ImageSharp", "Src\GBX.NET.Imaging.ImageSharp\GBX.NET.Imaging.ImageSharp.csproj", "{26170BF3-6059-4774-BCAF-2FCB90328743}"
EndProject
Project("{9A19103F-16F7-4668-BE54-9A1E7A4F7556}") = "GBX.NET.ZLib", "Src\GBX.NET.ZLib\GBX.NET.ZLib.csproj", "{82817753-9A3C-4C6E-B5FD-435EFF210F58}"
EndProject
Project("{9A19103F-16F7-4668-BE54-9A1E7A4F7556}") = "Blik", "Samples\Advanced\Blik\Blik.csproj", "{62669E3C-C756-49AC-8AD5-D4B4F67407EE}"
EndProject
Project("{9A19103F-16F7-4668-BE54-9A1E7A4F7556}") = "Legomania", "Samples\Beginner\Legomania\Legomania.csproj", "{A05A9F87-20E1-495A-ABAE-CBF5CA2A8C56}"
EndProject
Project("{9A19103F-16F7-4668-BE54-9A1E7A4F7556}") = "ItemPacker", "Samples\Advanced\ItemPacker\ItemPacker.csproj", "{0BB42493-0206-4A06-9AA6-1461BE8DF299}"
EndProject
Project("{9A19103F-16F7-4668-BE54-9A1E7A4F7556}") = "SimpleMapInfo_UntrimmedGeneric", "Samples\Trimming\SimpleMapInfo_UntrimmedGeneric\SimpleMapInfo_UntrimmedGeneric.csproj", "{395C40D5-2696-4DC7-8E90-4F3D6C53AF7E}"
EndProject
Project("{9A19103F-16F7-4668-BE54-9A1E7A4F7556}") = "FixDesertUpdatePillarsAfterConversion", "Samples\Beginner\FixDesertUpdatePillarsAfterConversion\FixDesertUpdatePillarsAfterConversion.csproj", "{0D508ABB-6D73-4F0A-B292-A56CA9E3A7AF}"
EndProject
Project("{2150E333-8FDC-42A3-9474-1A3956D46DE8}") = "Old Gbx Explorer", "Old Gbx Explorer", "{75B498A4-272E-4B6F-9BFA-47803BA943E2}"
EndProject
Project("{9A19103F-16F7-4668-BE54-9A1E7A4F7556}") = "GbxExplorerOld.Client", "Tools\GbxExplorerOld\Client\GbxExplorerOld.Client.csproj", "{D39A0C1F-324C-4FA0-923B-BF9A83BE82D3}"
EndProject
Project("{9A19103F-16F7-4668-BE54-9A1E7A4F7556}") = "GbxExplorerOld.Server", "Tools\GbxExplorerOld\Server\GbxExplorerOld.Server.csproj", "{68EE8F6A-855E-4B69-8721-AE586D7F477C}"
EndProject
Project("{9A19103F-16F7-4668-BE54-9A1E7A4F7556}") = "GbxLuaProcess", "Tools\GbxLuaProcess\GbxLuaProcess.csproj", "{AC9F2C62-CC62-4812-AC65-CFDD13D78A5F}"
EndProject
Project("{9A19103F-16F7-4668-BE54-9A1E7A4F7556}") = "GBX.NET.Tool", "Src\GBX.NET.Tool\GBX.NET.Tool.csproj", "{31153CCF-A6AE-49D7-A3E5-34356B10C1FE}"
EndProject
Project("{9A19103F-16F7-4668-BE54-9A1E7A4F7556}") = "GBX.NET.Tool.CLI", "Src\GBX.NET.Tool.CLI\GBX.NET.Tool.CLI.csproj", "{04CD1C15-FB32-4B7E-B395-ACA98DDA5D69}"
EndProject
Project("{9A19103F-16F7-4668-BE54-9A1E7A4F7556}") = "GbxDecompress", "Tools\GbxDecompress\GbxDecompress.csproj", "{B59D61AE-BA13-42F7-9CD0-01041DC3425F}"
EndProject
Project("{9A19103F-16F7-4668-BE54-9A1E7A4F7556}") = "SolidExtract", "Samples\Beginner\SolidExtract\SolidExtract.csproj", "{5FD2600A-2A57-44E3-BD2D-CAA7D9CF3D90}"
EndProject
Project("{2150E333-8FDC-42A3-9474-1A3956D46DE8}") = "Tool", "Tool", "{0269B7F3-C346-49B3-A9B3-B33ABC95AB5E}"
EndProject
Project("{9A19103F-16F7-4668-BE54-9A1E7A4F7556}") = "GhostExtract", "Samples\Tool\GhostExtract\GhostExtract.csproj", "{C9D0D0F3-236C-49F2-ADB7-30FC41924D18}"
EndProject
Project("{9A19103F-16F7-4668-BE54-9A1E7A4F7556}") = "GhostExtractCLI", "Samples\Tool\GhostExtractCLI\GhostExtractCLI.csproj", "{9B8E385B-3FDC-466B-9865-E2DFCB618CCE}"
EndProject
Project("{9A19103F-16F7-4668-BE54-9A1E7A4F7556}") = "InputExtract", "Samples\Tool\InputExtract\InputExtract.csproj", "{72B2091A-1162-4993-9D3D-278E229F6A43}"
EndProject
Project("{9A19103F-16F7-4668-BE54-9A1E7A4F7556}") = "InputExtractCLI", "Samples\Tool\InputExtractCLI\InputExtractCLI.csproj", "{5B124FAF-2658-49E0-9ABD-0333E829A5A5}"
EndProject
Project("{9A19103F-16F7-4668-BE54-9A1E7A4F7556}") = "GBX.NET.NewtonsoftJson", "Src\GBX.NET.NewtonsoftJson\GBX.NET.NewtonsoftJson.csproj", "{B4C2F12F-54EA-4844-8620-917BE0303687}"
EndProject
Project("{9A19103F-16F7-4668-BE54-9A1E7A4F7556}") = "GBX.NET.Tool.Razor", "Src\GBX.NET.Tool.Razor\GBX.NET.Tool.Razor.csproj", "{76A1C1C4-8012-42C8-BB72-B139C9B2963F}"
EndProject
Project("{9A19103F-16F7-4668-BE54-9A1E7A4F7556}") = "CryCryptSwitch", "Tools\CryCryptSwitch\CryCryptSwitch.csproj", "{4327AB87-DF45-4364-9D27-1C72BA0E78FF}"
EndProject
Project("{9A19103F-16F7-4668-BE54-9A1E7A4F7556}") = "GBX.NET.BlockInfo", "Src\GBX.NET.BlockInfo\GBX.NET.BlockInfo.csproj", "{89F6FFE5-E32A-4713-8D63-98D070A17DC1}"
EndProject
Project("{9A19103F-16F7-4668-BE54-9A1E7A4F7556}") = "MuxCryptSwitch", "Tools\MuxCryptSwitch\MuxCryptSwitch.csproj", "{0B5609C6-7B10-4E8D-B41C-35CC1A2532A4}"
EndProject
Project("{FAE04EC0-301F-11D3-BF4B-00C04F79EFBC}") = "GBX.NET.Tool.StandardIO", "Src\GBX.NET.Tool.StandardIO\GBX.NET.Tool.StandardIO.csproj", "{55BD1330-7431-41A8-90EB-DEB20D9EB981}"
EndProject
Global
	GlobalSection(SolutionConfigurationPlatforms) = preSolution
		Debug|Any CPU = Debug|Any CPU
		Release|Any CPU = Release|Any CPU
	EndGlobalSection
	GlobalSection(ProjectConfigurationPlatforms) = postSolution
		{84A8FA63-B164-401B-9581-0C4C1EBD896F}.Debug|Any CPU.ActiveCfg = Debug|Any CPU
		{84A8FA63-B164-401B-9581-0C4C1EBD896F}.Debug|Any CPU.Build.0 = Debug|Any CPU
		{84A8FA63-B164-401B-9581-0C4C1EBD896F}.Release|Any CPU.ActiveCfg = Release|Any CPU
		{84A8FA63-B164-401B-9581-0C4C1EBD896F}.Release|Any CPU.Build.0 = Release|Any CPU
		{619E7699-1775-42D5-9114-E9C90ABFB619}.Debug|Any CPU.ActiveCfg = Debug|Any CPU
		{619E7699-1775-42D5-9114-E9C90ABFB619}.Debug|Any CPU.Build.0 = Debug|Any CPU
		{619E7699-1775-42D5-9114-E9C90ABFB619}.Release|Any CPU.ActiveCfg = Release|Any CPU
		{619E7699-1775-42D5-9114-E9C90ABFB619}.Release|Any CPU.Build.0 = Release|Any CPU
		{C925FAB4-0D44-41FF-8A22-321619E6E268}.Debug|Any CPU.ActiveCfg = Debug|Any CPU
		{C925FAB4-0D44-41FF-8A22-321619E6E268}.Debug|Any CPU.Build.0 = Debug|Any CPU
		{C925FAB4-0D44-41FF-8A22-321619E6E268}.Release|Any CPU.ActiveCfg = Release|Any CPU
		{C925FAB4-0D44-41FF-8A22-321619E6E268}.Release|Any CPU.Build.0 = Release|Any CPU
		{7BBE4E80-6702-4313-9CEA-1AE10D0E76A0}.Debug|Any CPU.ActiveCfg = Debug|Any CPU
		{7BBE4E80-6702-4313-9CEA-1AE10D0E76A0}.Debug|Any CPU.Build.0 = Debug|Any CPU
		{7BBE4E80-6702-4313-9CEA-1AE10D0E76A0}.Release|Any CPU.ActiveCfg = Release|Any CPU
		{7BBE4E80-6702-4313-9CEA-1AE10D0E76A0}.Release|Any CPU.Build.0 = Release|Any CPU
		{9A8446FC-A5C2-4028-B433-6FC550097877}.Debug|Any CPU.ActiveCfg = Debug|Any CPU
		{9A8446FC-A5C2-4028-B433-6FC550097877}.Debug|Any CPU.Build.0 = Debug|Any CPU
		{9A8446FC-A5C2-4028-B433-6FC550097877}.Release|Any CPU.ActiveCfg = Release|Any CPU
		{9A8446FC-A5C2-4028-B433-6FC550097877}.Release|Any CPU.Build.0 = Release|Any CPU
		{46BF2235-2EA9-47E0-B238-392D054BB648}.Debug|Any CPU.ActiveCfg = Debug|Any CPU
		{46BF2235-2EA9-47E0-B238-392D054BB648}.Debug|Any CPU.Build.0 = Debug|Any CPU
		{46BF2235-2EA9-47E0-B238-392D054BB648}.Release|Any CPU.ActiveCfg = Release|Any CPU
		{46BF2235-2EA9-47E0-B238-392D054BB648}.Release|Any CPU.Build.0 = Release|Any CPU
		{3DFA38D7-7AE4-407B-A663-A74D92AE7C0E}.Debug|Any CPU.ActiveCfg = Debug|Any CPU
		{3DFA38D7-7AE4-407B-A663-A74D92AE7C0E}.Debug|Any CPU.Build.0 = Debug|Any CPU
		{3DFA38D7-7AE4-407B-A663-A74D92AE7C0E}.Release|Any CPU.ActiveCfg = Release|Any CPU
		{3DFA38D7-7AE4-407B-A663-A74D92AE7C0E}.Release|Any CPU.Build.0 = Release|Any CPU
		{750CDBC4-56AD-4333-9395-780DE57979F7}.Debug|Any CPU.ActiveCfg = Debug|Any CPU
		{750CDBC4-56AD-4333-9395-780DE57979F7}.Debug|Any CPU.Build.0 = Debug|Any CPU
		{750CDBC4-56AD-4333-9395-780DE57979F7}.Release|Any CPU.ActiveCfg = Release|Any CPU
		{750CDBC4-56AD-4333-9395-780DE57979F7}.Release|Any CPU.Build.0 = Release|Any CPU
		{6C6723BF-C3D6-413B-A537-65C824D5E323}.Debug|Any CPU.ActiveCfg = Debug|Any CPU
		{6C6723BF-C3D6-413B-A537-65C824D5E323}.Debug|Any CPU.Build.0 = Debug|Any CPU
		{6C6723BF-C3D6-413B-A537-65C824D5E323}.Release|Any CPU.ActiveCfg = Release|Any CPU
		{6C6723BF-C3D6-413B-A537-65C824D5E323}.Release|Any CPU.Build.0 = Release|Any CPU
		{124D61D8-4B2F-4122-83F7-1DF157148BAC}.Debug|Any CPU.ActiveCfg = Debug|Any CPU
		{124D61D8-4B2F-4122-83F7-1DF157148BAC}.Debug|Any CPU.Build.0 = Debug|Any CPU
		{124D61D8-4B2F-4122-83F7-1DF157148BAC}.Release|Any CPU.ActiveCfg = Release|Any CPU
		{124D61D8-4B2F-4122-83F7-1DF157148BAC}.Release|Any CPU.Build.0 = Release|Any CPU
		{83569466-5E7D-4827-B810-42AE309B2346}.Debug|Any CPU.ActiveCfg = Debug|Any CPU
		{83569466-5E7D-4827-B810-42AE309B2346}.Debug|Any CPU.Build.0 = Debug|Any CPU
		{83569466-5E7D-4827-B810-42AE309B2346}.Release|Any CPU.ActiveCfg = Release|Any CPU
		{83569466-5E7D-4827-B810-42AE309B2346}.Release|Any CPU.Build.0 = Release|Any CPU
		{36863733-DF0F-4B9C-9612-BB4FE5036250}.Debug|Any CPU.ActiveCfg = Debug|Any CPU
		{36863733-DF0F-4B9C-9612-BB4FE5036250}.Debug|Any CPU.Build.0 = Debug|Any CPU
		{36863733-DF0F-4B9C-9612-BB4FE5036250}.Release|Any CPU.ActiveCfg = Release|Any CPU
		{36863733-DF0F-4B9C-9612-BB4FE5036250}.Release|Any CPU.Build.0 = Release|Any CPU
		{E98AC215-8C61-4337-B64B-20AB3B7B6F25}.Debug|Any CPU.ActiveCfg = Debug|Any CPU
		{E98AC215-8C61-4337-B64B-20AB3B7B6F25}.Debug|Any CPU.Build.0 = Debug|Any CPU
		{E98AC215-8C61-4337-B64B-20AB3B7B6F25}.Release|Any CPU.ActiveCfg = Release|Any CPU
		{E98AC215-8C61-4337-B64B-20AB3B7B6F25}.Release|Any CPU.Build.0 = Release|Any CPU
		{D59DD3E9-08AF-4935-B0F3-5FEB2417C013}.Debug|Any CPU.ActiveCfg = Debug|Any CPU
		{D59DD3E9-08AF-4935-B0F3-5FEB2417C013}.Debug|Any CPU.Build.0 = Debug|Any CPU
		{D59DD3E9-08AF-4935-B0F3-5FEB2417C013}.Release|Any CPU.ActiveCfg = Release|Any CPU
		{D59DD3E9-08AF-4935-B0F3-5FEB2417C013}.Release|Any CPU.Build.0 = Release|Any CPU
		{F5B9CBC6-C401-4F60-81BC-67B2DA30295D}.Debug|Any CPU.ActiveCfg = Debug|Any CPU
		{F5B9CBC6-C401-4F60-81BC-67B2DA30295D}.Debug|Any CPU.Build.0 = Debug|Any CPU
		{F5B9CBC6-C401-4F60-81BC-67B2DA30295D}.Release|Any CPU.ActiveCfg = Release|Any CPU
		{F5B9CBC6-C401-4F60-81BC-67B2DA30295D}.Release|Any CPU.Build.0 = Release|Any CPU
		{6C626624-23A3-4E12-9A9A-5D6636C6149E}.Debug|Any CPU.ActiveCfg = Debug|Any CPU
		{6C626624-23A3-4E12-9A9A-5D6636C6149E}.Debug|Any CPU.Build.0 = Debug|Any CPU
		{6C626624-23A3-4E12-9A9A-5D6636C6149E}.Release|Any CPU.ActiveCfg = Release|Any CPU
		{6C626624-23A3-4E12-9A9A-5D6636C6149E}.Release|Any CPU.Build.0 = Release|Any CPU
		{3D417D17-BA50-4FB9-87FF-58662CBBC403}.Debug|Any CPU.ActiveCfg = Debug|Any CPU
		{3D417D17-BA50-4FB9-87FF-58662CBBC403}.Debug|Any CPU.Build.0 = Debug|Any CPU
		{3D417D17-BA50-4FB9-87FF-58662CBBC403}.Release|Any CPU.ActiveCfg = Release|Any CPU
		{3D417D17-BA50-4FB9-87FF-58662CBBC403}.Release|Any CPU.Build.0 = Release|Any CPU
		{46248AC5-687A-43B9-A782-860752DE1BB3}.Debug|Any CPU.ActiveCfg = Debug|Any CPU
		{46248AC5-687A-43B9-A782-860752DE1BB3}.Debug|Any CPU.Build.0 = Debug|Any CPU
		{46248AC5-687A-43B9-A782-860752DE1BB3}.Release|Any CPU.ActiveCfg = Release|Any CPU
		{46248AC5-687A-43B9-A782-860752DE1BB3}.Release|Any CPU.Build.0 = Release|Any CPU
		{C25B0485-F59A-47AE-BAD3-891D037CD71E}.Debug|Any CPU.ActiveCfg = Debug|Any CPU
		{C25B0485-F59A-47AE-BAD3-891D037CD71E}.Debug|Any CPU.Build.0 = Debug|Any CPU
		{C25B0485-F59A-47AE-BAD3-891D037CD71E}.Release|Any CPU.ActiveCfg = Release|Any CPU
		{C25B0485-F59A-47AE-BAD3-891D037CD71E}.Release|Any CPU.Build.0 = Release|Any CPU
		{D140ABC0-E797-4E7D-918D-CF2B602171CE}.Debug|Any CPU.ActiveCfg = Debug|Any CPU
		{D140ABC0-E797-4E7D-918D-CF2B602171CE}.Debug|Any CPU.Build.0 = Debug|Any CPU
		{D140ABC0-E797-4E7D-918D-CF2B602171CE}.Release|Any CPU.ActiveCfg = Release|Any CPU
		{D140ABC0-E797-4E7D-918D-CF2B602171CE}.Release|Any CPU.Build.0 = Release|Any CPU
		{9C8DF117-D7D1-4E9E-BACD-2E16DD3BD053}.Debug|Any CPU.ActiveCfg = Debug|Any CPU
		{9C8DF117-D7D1-4E9E-BACD-2E16DD3BD053}.Debug|Any CPU.Build.0 = Debug|Any CPU
		{9C8DF117-D7D1-4E9E-BACD-2E16DD3BD053}.Release|Any CPU.ActiveCfg = Release|Any CPU
		{9C8DF117-D7D1-4E9E-BACD-2E16DD3BD053}.Release|Any CPU.Build.0 = Release|Any CPU
		{C98445DB-08AB-437A-9DF3-396886572AEC}.Debug|Any CPU.ActiveCfg = Debug|Any CPU
		{C98445DB-08AB-437A-9DF3-396886572AEC}.Debug|Any CPU.Build.0 = Debug|Any CPU
		{C98445DB-08AB-437A-9DF3-396886572AEC}.Release|Any CPU.ActiveCfg = Release|Any CPU
		{C98445DB-08AB-437A-9DF3-396886572AEC}.Release|Any CPU.Build.0 = Release|Any CPU
		{CB3B39F5-5447-4C12-A416-08D5BB56450B}.Debug|Any CPU.ActiveCfg = Debug|Any CPU
		{CB3B39F5-5447-4C12-A416-08D5BB56450B}.Debug|Any CPU.Build.0 = Debug|Any CPU
		{CB3B39F5-5447-4C12-A416-08D5BB56450B}.Release|Any CPU.ActiveCfg = Release|Any CPU
		{CB3B39F5-5447-4C12-A416-08D5BB56450B}.Release|Any CPU.Build.0 = Release|Any CPU
		{EF0A5BD1-C5B4-4A41-B959-92EB56C22493}.Debug|Any CPU.ActiveCfg = Debug|Any CPU
		{EF0A5BD1-C5B4-4A41-B959-92EB56C22493}.Debug|Any CPU.Build.0 = Debug|Any CPU
		{EF0A5BD1-C5B4-4A41-B959-92EB56C22493}.Release|Any CPU.ActiveCfg = Release|Any CPU
		{EF0A5BD1-C5B4-4A41-B959-92EB56C22493}.Release|Any CPU.Build.0 = Release|Any CPU
		{84EDDB1D-F8ED-46BC-8EFB-C13D294A0787}.Debug|Any CPU.ActiveCfg = Debug|Any CPU
		{84EDDB1D-F8ED-46BC-8EFB-C13D294A0787}.Debug|Any CPU.Build.0 = Debug|Any CPU
		{84EDDB1D-F8ED-46BC-8EFB-C13D294A0787}.Release|Any CPU.ActiveCfg = Release|Any CPU
		{84EDDB1D-F8ED-46BC-8EFB-C13D294A0787}.Release|Any CPU.Build.0 = Release|Any CPU
		{D6B90011-06F2-493B-B145-F7CC89F0A827}.Debug|Any CPU.ActiveCfg = Debug|Any CPU
		{D6B90011-06F2-493B-B145-F7CC89F0A827}.Debug|Any CPU.Build.0 = Debug|Any CPU
		{D6B90011-06F2-493B-B145-F7CC89F0A827}.Release|Any CPU.ActiveCfg = Release|Any CPU
		{D6B90011-06F2-493B-B145-F7CC89F0A827}.Release|Any CPU.Build.0 = Release|Any CPU
		{C4AA5FE1-5C66-4306-8616-4F0B96D4C98C}.Debug|Any CPU.ActiveCfg = Debug|Any CPU
		{C4AA5FE1-5C66-4306-8616-4F0B96D4C98C}.Debug|Any CPU.Build.0 = Debug|Any CPU
		{C4AA5FE1-5C66-4306-8616-4F0B96D4C98C}.Release|Any CPU.ActiveCfg = Release|Any CPU
		{C4AA5FE1-5C66-4306-8616-4F0B96D4C98C}.Release|Any CPU.Build.0 = Release|Any CPU
		{F45B33A5-1478-4AA8-8592-8168C37A36FA}.Debug|Any CPU.ActiveCfg = Debug|Any CPU
		{F45B33A5-1478-4AA8-8592-8168C37A36FA}.Debug|Any CPU.Build.0 = Debug|Any CPU
		{F45B33A5-1478-4AA8-8592-8168C37A36FA}.Release|Any CPU.ActiveCfg = Release|Any CPU
		{F45B33A5-1478-4AA8-8592-8168C37A36FA}.Release|Any CPU.Build.0 = Release|Any CPU
		{A6058F78-E06B-46FE-B3DA-350BEB57A702}.Debug|Any CPU.ActiveCfg = Debug|Any CPU
		{A6058F78-E06B-46FE-B3DA-350BEB57A702}.Debug|Any CPU.Build.0 = Debug|Any CPU
		{A6058F78-E06B-46FE-B3DA-350BEB57A702}.Release|Any CPU.ActiveCfg = Release|Any CPU
		{A6058F78-E06B-46FE-B3DA-350BEB57A702}.Release|Any CPU.Build.0 = Release|Any CPU
		{1456C368-982B-488F-871C-F318901B758F}.Debug|Any CPU.ActiveCfg = Debug|Any CPU
		{1456C368-982B-488F-871C-F318901B758F}.Debug|Any CPU.Build.0 = Debug|Any CPU
		{1456C368-982B-488F-871C-F318901B758F}.Release|Any CPU.ActiveCfg = Release|Any CPU
		{1456C368-982B-488F-871C-F318901B758F}.Release|Any CPU.Build.0 = Release|Any CPU
		{CF54C65D-34D3-4B7B-BFEB-70E66CC4447E}.Debug|Any CPU.ActiveCfg = Debug|Any CPU
		{CF54C65D-34D3-4B7B-BFEB-70E66CC4447E}.Debug|Any CPU.Build.0 = Debug|Any CPU
		{CF54C65D-34D3-4B7B-BFEB-70E66CC4447E}.Release|Any CPU.ActiveCfg = Release|Any CPU
		{CF54C65D-34D3-4B7B-BFEB-70E66CC4447E}.Release|Any CPU.Build.0 = Release|Any CPU
		{6115F9C6-189F-4652-8635-A6938314FBE1}.Debug|Any CPU.ActiveCfg = Debug|Any CPU
		{6115F9C6-189F-4652-8635-A6938314FBE1}.Debug|Any CPU.Build.0 = Debug|Any CPU
		{6115F9C6-189F-4652-8635-A6938314FBE1}.Release|Any CPU.ActiveCfg = Release|Any CPU
		{6115F9C6-189F-4652-8635-A6938314FBE1}.Release|Any CPU.Build.0 = Release|Any CPU
		{956341FB-F117-47C0-9FBF-AB3687DA74A9}.Debug|Any CPU.ActiveCfg = Debug|Any CPU
		{956341FB-F117-47C0-9FBF-AB3687DA74A9}.Debug|Any CPU.Build.0 = Debug|Any CPU
		{956341FB-F117-47C0-9FBF-AB3687DA74A9}.Release|Any CPU.ActiveCfg = Release|Any CPU
		{956341FB-F117-47C0-9FBF-AB3687DA74A9}.Release|Any CPU.Build.0 = Release|Any CPU
		{D873A7F8-EDFE-4126-8532-7C59B7AA6598}.Debug|Any CPU.ActiveCfg = Debug|Any CPU
		{D873A7F8-EDFE-4126-8532-7C59B7AA6598}.Debug|Any CPU.Build.0 = Debug|Any CPU
		{D873A7F8-EDFE-4126-8532-7C59B7AA6598}.Release|Any CPU.ActiveCfg = Release|Any CPU
		{D873A7F8-EDFE-4126-8532-7C59B7AA6598}.Release|Any CPU.Build.0 = Release|Any CPU
		{26170BF3-6059-4774-BCAF-2FCB90328743}.Debug|Any CPU.ActiveCfg = Debug|Any CPU
		{26170BF3-6059-4774-BCAF-2FCB90328743}.Debug|Any CPU.Build.0 = Debug|Any CPU
		{26170BF3-6059-4774-BCAF-2FCB90328743}.Release|Any CPU.ActiveCfg = Release|Any CPU
		{26170BF3-6059-4774-BCAF-2FCB90328743}.Release|Any CPU.Build.0 = Release|Any CPU
		{82817753-9A3C-4C6E-B5FD-435EFF210F58}.Debug|Any CPU.ActiveCfg = Debug|Any CPU
		{82817753-9A3C-4C6E-B5FD-435EFF210F58}.Debug|Any CPU.Build.0 = Debug|Any CPU
		{82817753-9A3C-4C6E-B5FD-435EFF210F58}.Release|Any CPU.ActiveCfg = Release|Any CPU
		{82817753-9A3C-4C6E-B5FD-435EFF210F58}.Release|Any CPU.Build.0 = Release|Any CPU
		{62669E3C-C756-49AC-8AD5-D4B4F67407EE}.Debug|Any CPU.ActiveCfg = Debug|Any CPU
		{62669E3C-C756-49AC-8AD5-D4B4F67407EE}.Debug|Any CPU.Build.0 = Debug|Any CPU
		{62669E3C-C756-49AC-8AD5-D4B4F67407EE}.Release|Any CPU.ActiveCfg = Release|Any CPU
		{62669E3C-C756-49AC-8AD5-D4B4F67407EE}.Release|Any CPU.Build.0 = Release|Any CPU
		{A05A9F87-20E1-495A-ABAE-CBF5CA2A8C56}.Debug|Any CPU.ActiveCfg = Debug|Any CPU
		{A05A9F87-20E1-495A-ABAE-CBF5CA2A8C56}.Debug|Any CPU.Build.0 = Debug|Any CPU
		{A05A9F87-20E1-495A-ABAE-CBF5CA2A8C56}.Release|Any CPU.ActiveCfg = Release|Any CPU
		{A05A9F87-20E1-495A-ABAE-CBF5CA2A8C56}.Release|Any CPU.Build.0 = Release|Any CPU
		{0BB42493-0206-4A06-9AA6-1461BE8DF299}.Debug|Any CPU.ActiveCfg = Debug|Any CPU
		{0BB42493-0206-4A06-9AA6-1461BE8DF299}.Debug|Any CPU.Build.0 = Debug|Any CPU
		{0BB42493-0206-4A06-9AA6-1461BE8DF299}.Release|Any CPU.ActiveCfg = Release|Any CPU
		{0BB42493-0206-4A06-9AA6-1461BE8DF299}.Release|Any CPU.Build.0 = Release|Any CPU
		{395C40D5-2696-4DC7-8E90-4F3D6C53AF7E}.Debug|Any CPU.ActiveCfg = Debug|Any CPU
		{395C40D5-2696-4DC7-8E90-4F3D6C53AF7E}.Debug|Any CPU.Build.0 = Debug|Any CPU
		{395C40D5-2696-4DC7-8E90-4F3D6C53AF7E}.Release|Any CPU.ActiveCfg = Release|Any CPU
		{395C40D5-2696-4DC7-8E90-4F3D6C53AF7E}.Release|Any CPU.Build.0 = Release|Any CPU
		{0D508ABB-6D73-4F0A-B292-A56CA9E3A7AF}.Debug|Any CPU.ActiveCfg = Debug|Any CPU
		{0D508ABB-6D73-4F0A-B292-A56CA9E3A7AF}.Debug|Any CPU.Build.0 = Debug|Any CPU
		{0D508ABB-6D73-4F0A-B292-A56CA9E3A7AF}.Release|Any CPU.ActiveCfg = Release|Any CPU
		{0D508ABB-6D73-4F0A-B292-A56CA9E3A7AF}.Release|Any CPU.Build.0 = Release|Any CPU
		{D39A0C1F-324C-4FA0-923B-BF9A83BE82D3}.Debug|Any CPU.ActiveCfg = Debug|Any CPU
		{D39A0C1F-324C-4FA0-923B-BF9A83BE82D3}.Debug|Any CPU.Build.0 = Debug|Any CPU
		{D39A0C1F-324C-4FA0-923B-BF9A83BE82D3}.Release|Any CPU.ActiveCfg = Release|Any CPU
		{D39A0C1F-324C-4FA0-923B-BF9A83BE82D3}.Release|Any CPU.Build.0 = Release|Any CPU
		{68EE8F6A-855E-4B69-8721-AE586D7F477C}.Debug|Any CPU.ActiveCfg = Debug|Any CPU
		{68EE8F6A-855E-4B69-8721-AE586D7F477C}.Debug|Any CPU.Build.0 = Debug|Any CPU
		{68EE8F6A-855E-4B69-8721-AE586D7F477C}.Release|Any CPU.ActiveCfg = Release|Any CPU
		{68EE8F6A-855E-4B69-8721-AE586D7F477C}.Release|Any CPU.Build.0 = Release|Any CPU
		{AC9F2C62-CC62-4812-AC65-CFDD13D78A5F}.Debug|Any CPU.ActiveCfg = Debug|Any CPU
		{AC9F2C62-CC62-4812-AC65-CFDD13D78A5F}.Debug|Any CPU.Build.0 = Debug|Any CPU
		{AC9F2C62-CC62-4812-AC65-CFDD13D78A5F}.Release|Any CPU.ActiveCfg = Release|Any CPU
		{AC9F2C62-CC62-4812-AC65-CFDD13D78A5F}.Release|Any CPU.Build.0 = Release|Any CPU
		{31153CCF-A6AE-49D7-A3E5-34356B10C1FE}.Debug|Any CPU.ActiveCfg = Debug|Any CPU
		{31153CCF-A6AE-49D7-A3E5-34356B10C1FE}.Debug|Any CPU.Build.0 = Debug|Any CPU
		{31153CCF-A6AE-49D7-A3E5-34356B10C1FE}.Release|Any CPU.ActiveCfg = Release|Any CPU
		{31153CCF-A6AE-49D7-A3E5-34356B10C1FE}.Release|Any CPU.Build.0 = Release|Any CPU
		{04CD1C15-FB32-4B7E-B395-ACA98DDA5D69}.Debug|Any CPU.ActiveCfg = Debug|Any CPU
		{04CD1C15-FB32-4B7E-B395-ACA98DDA5D69}.Debug|Any CPU.Build.0 = Debug|Any CPU
		{04CD1C15-FB32-4B7E-B395-ACA98DDA5D69}.Release|Any CPU.ActiveCfg = Release|Any CPU
		{04CD1C15-FB32-4B7E-B395-ACA98DDA5D69}.Release|Any CPU.Build.0 = Release|Any CPU
		{B59D61AE-BA13-42F7-9CD0-01041DC3425F}.Debug|Any CPU.ActiveCfg = Debug|Any CPU
		{B59D61AE-BA13-42F7-9CD0-01041DC3425F}.Debug|Any CPU.Build.0 = Debug|Any CPU
		{B59D61AE-BA13-42F7-9CD0-01041DC3425F}.Release|Any CPU.ActiveCfg = Release|Any CPU
		{B59D61AE-BA13-42F7-9CD0-01041DC3425F}.Release|Any CPU.Build.0 = Release|Any CPU
		{5FD2600A-2A57-44E3-BD2D-CAA7D9CF3D90}.Debug|Any CPU.ActiveCfg = Debug|Any CPU
		{5FD2600A-2A57-44E3-BD2D-CAA7D9CF3D90}.Debug|Any CPU.Build.0 = Debug|Any CPU
		{5FD2600A-2A57-44E3-BD2D-CAA7D9CF3D90}.Release|Any CPU.ActiveCfg = Release|Any CPU
		{5FD2600A-2A57-44E3-BD2D-CAA7D9CF3D90}.Release|Any CPU.Build.0 = Release|Any CPU
		{C9D0D0F3-236C-49F2-ADB7-30FC41924D18}.Debug|Any CPU.ActiveCfg = Debug|Any CPU
		{C9D0D0F3-236C-49F2-ADB7-30FC41924D18}.Debug|Any CPU.Build.0 = Debug|Any CPU
		{C9D0D0F3-236C-49F2-ADB7-30FC41924D18}.Release|Any CPU.ActiveCfg = Release|Any CPU
		{C9D0D0F3-236C-49F2-ADB7-30FC41924D18}.Release|Any CPU.Build.0 = Release|Any CPU
		{9B8E385B-3FDC-466B-9865-E2DFCB618CCE}.Debug|Any CPU.ActiveCfg = Debug|Any CPU
		{9B8E385B-3FDC-466B-9865-E2DFCB618CCE}.Debug|Any CPU.Build.0 = Debug|Any CPU
		{9B8E385B-3FDC-466B-9865-E2DFCB618CCE}.Release|Any CPU.ActiveCfg = Release|Any CPU
		{9B8E385B-3FDC-466B-9865-E2DFCB618CCE}.Release|Any CPU.Build.0 = Release|Any CPU
		{72B2091A-1162-4993-9D3D-278E229F6A43}.Debug|Any CPU.ActiveCfg = Debug|Any CPU
		{72B2091A-1162-4993-9D3D-278E229F6A43}.Debug|Any CPU.Build.0 = Debug|Any CPU
		{72B2091A-1162-4993-9D3D-278E229F6A43}.Release|Any CPU.ActiveCfg = Release|Any CPU
		{72B2091A-1162-4993-9D3D-278E229F6A43}.Release|Any CPU.Build.0 = Release|Any CPU
		{5B124FAF-2658-49E0-9ABD-0333E829A5A5}.Debug|Any CPU.ActiveCfg = Debug|Any CPU
		{5B124FAF-2658-49E0-9ABD-0333E829A5A5}.Debug|Any CPU.Build.0 = Debug|Any CPU
		{5B124FAF-2658-49E0-9ABD-0333E829A5A5}.Release|Any CPU.ActiveCfg = Release|Any CPU
		{5B124FAF-2658-49E0-9ABD-0333E829A5A5}.Release|Any CPU.Build.0 = Release|Any CPU
		{B4C2F12F-54EA-4844-8620-917BE0303687}.Debug|Any CPU.ActiveCfg = Debug|Any CPU
		{B4C2F12F-54EA-4844-8620-917BE0303687}.Debug|Any CPU.Build.0 = Debug|Any CPU
		{B4C2F12F-54EA-4844-8620-917BE0303687}.Release|Any CPU.ActiveCfg = Release|Any CPU
		{B4C2F12F-54EA-4844-8620-917BE0303687}.Release|Any CPU.Build.0 = Release|Any CPU
		{76A1C1C4-8012-42C8-BB72-B139C9B2963F}.Debug|Any CPU.ActiveCfg = Debug|Any CPU
		{76A1C1C4-8012-42C8-BB72-B139C9B2963F}.Debug|Any CPU.Build.0 = Debug|Any CPU
		{76A1C1C4-8012-42C8-BB72-B139C9B2963F}.Release|Any CPU.ActiveCfg = Release|Any CPU
		{76A1C1C4-8012-42C8-BB72-B139C9B2963F}.Release|Any CPU.Build.0 = Release|Any CPU
		{4327AB87-DF45-4364-9D27-1C72BA0E78FF}.Debug|Any CPU.ActiveCfg = Debug|Any CPU
		{4327AB87-DF45-4364-9D27-1C72BA0E78FF}.Debug|Any CPU.Build.0 = Debug|Any CPU
		{4327AB87-DF45-4364-9D27-1C72BA0E78FF}.Release|Any CPU.ActiveCfg = Release|Any CPU
		{4327AB87-DF45-4364-9D27-1C72BA0E78FF}.Release|Any CPU.Build.0 = Release|Any CPU
		{89F6FFE5-E32A-4713-8D63-98D070A17DC1}.Debug|Any CPU.ActiveCfg = Debug|Any CPU
		{89F6FFE5-E32A-4713-8D63-98D070A17DC1}.Debug|Any CPU.Build.0 = Debug|Any CPU
		{89F6FFE5-E32A-4713-8D63-98D070A17DC1}.Release|Any CPU.ActiveCfg = Release|Any CPU
		{89F6FFE5-E32A-4713-8D63-98D070A17DC1}.Release|Any CPU.Build.0 = Release|Any CPU
		{0B5609C6-7B10-4E8D-B41C-35CC1A2532A4}.Debug|Any CPU.ActiveCfg = Debug|Any CPU
		{0B5609C6-7B10-4E8D-B41C-35CC1A2532A4}.Debug|Any CPU.Build.0 = Debug|Any CPU
		{0B5609C6-7B10-4E8D-B41C-35CC1A2532A4}.Release|Any CPU.ActiveCfg = Release|Any CPU
		{0B5609C6-7B10-4E8D-B41C-35CC1A2532A4}.Release|Any CPU.Build.0 = Release|Any CPU
		{55BD1330-7431-41A8-90EB-DEB20D9EB981}.Debug|Any CPU.ActiveCfg = Debug|Any CPU
		{55BD1330-7431-41A8-90EB-DEB20D9EB981}.Debug|Any CPU.Build.0 = Debug|Any CPU
		{55BD1330-7431-41A8-90EB-DEB20D9EB981}.Release|Any CPU.ActiveCfg = Release|Any CPU
		{55BD1330-7431-41A8-90EB-DEB20D9EB981}.Release|Any CPU.Build.0 = Release|Any CPU
	EndGlobalSection
	GlobalSection(SolutionProperties) = preSolution
		HideSolutionNode = FALSE
	EndGlobalSection
	GlobalSection(NestedProjects) = preSolution
		{84A8FA63-B164-401B-9581-0C4C1EBD896F} = {80DCE6B7-4BD9-415C-B053-92B059D7C938}
		{619E7699-1775-42D5-9114-E9C90ABFB619} = {0C67D233-4FD1-424F-83B4-82706126EF6A}
		{C925FAB4-0D44-41FF-8A22-321619E6E268} = {F3336145-FDA9-4517-AEDC-7F4C4D526ECB}
		{7BBE4E80-6702-4313-9CEA-1AE10D0E76A0} = {F3336145-FDA9-4517-AEDC-7F4C4D526ECB}
		{9A8446FC-A5C2-4028-B433-6FC550097877} = {F3336145-FDA9-4517-AEDC-7F4C4D526ECB}
		{46BF2235-2EA9-47E0-B238-392D054BB648} = {80DCE6B7-4BD9-415C-B053-92B059D7C938}
		{3DFA38D7-7AE4-407B-A663-A74D92AE7C0E} = {5FF457D2-597F-4800-B8D6-9069A732D288}
		{750CDBC4-56AD-4333-9395-780DE57979F7} = {80DCE6B7-4BD9-415C-B053-92B059D7C938}
		{6C6723BF-C3D6-413B-A537-65C824D5E323} = {F3336145-FDA9-4517-AEDC-7F4C4D526ECB}
		{124D61D8-4B2F-4122-83F7-1DF157148BAC} = {E5BBF1DE-6F46-4695-80C2-9FD1D7674246}
		{83569466-5E7D-4827-B810-42AE309B2346} = {F3336145-FDA9-4517-AEDC-7F4C4D526ECB}
		{36863733-DF0F-4B9C-9612-BB4FE5036250} = {F3336145-FDA9-4517-AEDC-7F4C4D526ECB}
		{E98AC215-8C61-4337-B64B-20AB3B7B6F25} = {F3336145-FDA9-4517-AEDC-7F4C4D526ECB}
		{D59DD3E9-08AF-4935-B0F3-5FEB2417C013} = {E5BBF1DE-6F46-4695-80C2-9FD1D7674246}
		{F5B9CBC6-C401-4F60-81BC-67B2DA30295D} = {80DCE6B7-4BD9-415C-B053-92B059D7C938}
		{6C626624-23A3-4E12-9A9A-5D6636C6149E} = {80DCE6B7-4BD9-415C-B053-92B059D7C938}
		{3D417D17-BA50-4FB9-87FF-58662CBBC403} = {80DCE6B7-4BD9-415C-B053-92B059D7C938}
		{09B7FD75-652F-496A-BF00-11094CB1C14C} = {8F4F67F6-6FC6-4382-8DEE-A01030E619F3}
		{46248AC5-687A-43B9-A782-860752DE1BB3} = {09B7FD75-652F-496A-BF00-11094CB1C14C}
		{C25B0485-F59A-47AE-BAD3-891D037CD71E} = {09B7FD75-652F-496A-BF00-11094CB1C14C}
		{D140ABC0-E797-4E7D-918D-CF2B602171CE} = {09B7FD75-652F-496A-BF00-11094CB1C14C}
		{FA4DBC9C-A9D6-4532-84DE-647FE8EF3881} = {8F4F67F6-6FC6-4382-8DEE-A01030E619F3}
		{FB4631D3-4622-489D-B722-2AD86C7361BA} = {8F4F67F6-6FC6-4382-8DEE-A01030E619F3}
		{0A6947D1-283B-4DC0-A041-4661A8D6DF55} = {8F4F67F6-6FC6-4382-8DEE-A01030E619F3}
		{9C8DF117-D7D1-4E9E-BACD-2E16DD3BD053} = {FB4631D3-4622-489D-B722-2AD86C7361BA}
		{C98445DB-08AB-437A-9DF3-396886572AEC} = {F3336145-FDA9-4517-AEDC-7F4C4D526ECB}
		{CB3B39F5-5447-4C12-A416-08D5BB56450B} = {80DCE6B7-4BD9-415C-B053-92B059D7C938}
		{EF0A5BD1-C5B4-4A41-B959-92EB56C22493} = {F3336145-FDA9-4517-AEDC-7F4C4D526ECB}
		{84EDDB1D-F8ED-46BC-8EFB-C13D294A0787} = {F3336145-FDA9-4517-AEDC-7F4C4D526ECB}
		{D6B90011-06F2-493B-B145-F7CC89F0A827} = {F3336145-FDA9-4517-AEDC-7F4C4D526ECB}
		{C4AA5FE1-5C66-4306-8616-4F0B96D4C98C} = {F3336145-FDA9-4517-AEDC-7F4C4D526ECB}
		{F45B33A5-1478-4AA8-8592-8168C37A36FA} = {80DCE6B7-4BD9-415C-B053-92B059D7C938}
		{A6058F78-E06B-46FE-B3DA-350BEB57A702} = {F3336145-FDA9-4517-AEDC-7F4C4D526ECB}
		{1456C368-982B-488F-871C-F318901B758F} = {E5BBF1DE-6F46-4695-80C2-9FD1D7674246}
		{CF54C65D-34D3-4B7B-BFEB-70E66CC4447E} = {F3336145-FDA9-4517-AEDC-7F4C4D526ECB}
		{6115F9C6-189F-4652-8635-A6938314FBE1} = {FB4631D3-4622-489D-B722-2AD86C7361BA}
		{956341FB-F117-47C0-9FBF-AB3687DA74A9} = {80DCE6B7-4BD9-415C-B053-92B059D7C938}
		{D873A7F8-EDFE-4126-8532-7C59B7AA6598} = {80DCE6B7-4BD9-415C-B053-92B059D7C938}
		{26170BF3-6059-4774-BCAF-2FCB90328743} = {80DCE6B7-4BD9-415C-B053-92B059D7C938}
		{82817753-9A3C-4C6E-B5FD-435EFF210F58} = {80DCE6B7-4BD9-415C-B053-92B059D7C938}
		{62669E3C-C756-49AC-8AD5-D4B4F67407EE} = {0A6947D1-283B-4DC0-A041-4661A8D6DF55}
		{A05A9F87-20E1-495A-ABAE-CBF5CA2A8C56} = {FB4631D3-4622-489D-B722-2AD86C7361BA}
		{0BB42493-0206-4A06-9AA6-1461BE8DF299} = {0A6947D1-283B-4DC0-A041-4661A8D6DF55}
		{395C40D5-2696-4DC7-8E90-4F3D6C53AF7E} = {09B7FD75-652F-496A-BF00-11094CB1C14C}
		{0D508ABB-6D73-4F0A-B292-A56CA9E3A7AF} = {FB4631D3-4622-489D-B722-2AD86C7361BA}
		{75B498A4-272E-4B6F-9BFA-47803BA943E2} = {F3336145-FDA9-4517-AEDC-7F4C4D526ECB}
		{D39A0C1F-324C-4FA0-923B-BF9A83BE82D3} = {75B498A4-272E-4B6F-9BFA-47803BA943E2}
		{68EE8F6A-855E-4B69-8721-AE586D7F477C} = {75B498A4-272E-4B6F-9BFA-47803BA943E2}
		{AC9F2C62-CC62-4812-AC65-CFDD13D78A5F} = {F3336145-FDA9-4517-AEDC-7F4C4D526ECB}
		{31153CCF-A6AE-49D7-A3E5-34356B10C1FE} = {80DCE6B7-4BD9-415C-B053-92B059D7C938}
		{04CD1C15-FB32-4B7E-B395-ACA98DDA5D69} = {80DCE6B7-4BD9-415C-B053-92B059D7C938}
		{B59D61AE-BA13-42F7-9CD0-01041DC3425F} = {F3336145-FDA9-4517-AEDC-7F4C4D526ECB}
		{5FD2600A-2A57-44E3-BD2D-CAA7D9CF3D90} = {FB4631D3-4622-489D-B722-2AD86C7361BA}
		{0269B7F3-C346-49B3-A9B3-B33ABC95AB5E} = {8F4F67F6-6FC6-4382-8DEE-A01030E619F3}
		{C9D0D0F3-236C-49F2-ADB7-30FC41924D18} = {0269B7F3-C346-49B3-A9B3-B33ABC95AB5E}
		{9B8E385B-3FDC-466B-9865-E2DFCB618CCE} = {0269B7F3-C346-49B3-A9B3-B33ABC95AB5E}
		{72B2091A-1162-4993-9D3D-278E229F6A43} = {0269B7F3-C346-49B3-A9B3-B33ABC95AB5E}
		{5B124FAF-2658-49E0-9ABD-0333E829A5A5} = {0269B7F3-C346-49B3-A9B3-B33ABC95AB5E}
		{B4C2F12F-54EA-4844-8620-917BE0303687} = {80DCE6B7-4BD9-415C-B053-92B059D7C938}
		{76A1C1C4-8012-42C8-BB72-B139C9B2963F} = {80DCE6B7-4BD9-415C-B053-92B059D7C938}
		{4327AB87-DF45-4364-9D27-1C72BA0E78FF} = {F3336145-FDA9-4517-AEDC-7F4C4D526ECB}
		{89F6FFE5-E32A-4713-8D63-98D070A17DC1} = {80DCE6B7-4BD9-415C-B053-92B059D7C938}
		{0B5609C6-7B10-4E8D-B41C-35CC1A2532A4} = {F3336145-FDA9-4517-AEDC-7F4C4D526ECB}
		{55BD1330-7431-41A8-90EB-DEB20D9EB981} = {80DCE6B7-4BD9-415C-B053-92B059D7C938}
	EndGlobalSection
	GlobalSection(ExtensibilityGlobals) = postSolution
		SolutionGuid = {8EA2F0DE-BA72-486D-AB3A-9320C0CE5CFD}
	EndGlobalSection
EndGlobal
