{
  "version": 1,
  "dependencies": {
    "net8.0": {
      "Microsoft.AspNetCore.Components.WebAssembly.Server": {
        "type": "Direct",
        "requested": "[8.0.2, )",
        "resolved": "8.0.2",
        "contentHash": "jLz0lMv/sMC4qTEfydoA7sYsdg9ETGLjm06f8cTlpfo+2vYMMSwZy9HzJs1ATwhnF7xdk3Te7CUmaHzr+pFIhw=="
      },
      "Microsoft.NET.ILLink.Tasks": {
        "type": "Direct",
        "requested": "[8.0.2, )",
        "resolved": "8.0.2",
        "contentHash": "hKTrehpfVzOhAz0mreaTAZgbz0DrMEbWq4n3hAo8Ks6WdxdqQhNPvzOqn9VygKuWf1bmxPdraqzTaXriO/sn0A=="
      },
      "Microsoft.VisualStudio.Azure.Containers.Tools.Targets": {
        "type": "Direct",
        "requested": "[1.19.6, )",
        "resolved": "1.19.6",
        "contentHash": "7GOQdMzQcH7o/bPFL/I2kQEgMnq2pYZ+exhGb9nNqs624K9w2jB2zieh4sOH9+a01i/G9iTWfeUI3IGMF7SKNg=="
      },
      "BlazorMonaco": {
        "type": "Transitive",
        "resolved": "3.2.0",
        "contentHash": "WieNJS7kBiY1rUqpZAvbJwlKyNKq9KPs5fGkMg0oLmNQi8YXsp13q5NCpGVDcjxHwyrUM8wcuEjHdz5o+OEs8Q==",
        "dependencies": {
          "Microsoft.AspNetCore.Components": "8.0.0",
          "Microsoft.AspNetCore.Components.Web": "8.0.0"
        }
      },
      "Microsoft.AspNetCore.Authorization": {
        "type": "Transitive",
        "resolved": "8.0.2",
        "contentHash": "Z4fjwzXxsdk3GpNBd1SjltifmxWD0jpS3iWCxCjeXQecoQ1+1Nbgbv1ZTbQw2uDVbuEwpfz5cTmRgocG3HBNAA==",
        "dependencies": {
          "Microsoft.AspNetCore.Metadata": "8.0.2",
          "Microsoft.Extensions.Logging.Abstractions": "8.0.0",
          "Microsoft.Extensions.Options": "8.0.2"
        }
      },
      "Microsoft.AspNetCore.Components": {
        "type": "Transitive",
        "resolved": "8.0.2",
        "contentHash": "ZDqYhmsnBrMMEyFC8fDHuwXz7MTpWzqegEr2+4gImKc0Zgbo7iaIiN0FAw5Lg5dovTrTvbZnPetRYTve2ca6rg==",
        "dependencies": {
          "Microsoft.AspNetCore.Authorization": "8.0.2",
          "Microsoft.AspNetCore.Components.Analyzers": "8.0.2"
        }
      },
      "Microsoft.AspNetCore.Components.Analyzers": {
        "type": "Transitive",
        "resolved": "8.0.2",
        "contentHash": "wN8FAgVCiWGv0n2pUShnugPVlJxuTjLS+V7D/OsUxNaMPyoyhmVwp11+WrOCEWJ5sif5/WqTCJcVmUyi3aT/ZA=="
      },
      "Microsoft.AspNetCore.Components.Forms": {
        "type": "Transitive",
        "resolved": "8.0.2",
        "contentHash": "EIlY3Mx1N+Ag2kT5DVsxAZ9b2nKt91iutGkMWlkU293sYbEQV+JpmeHKOee4JYFdk0gjDK5XrSdKzokxQ8nmxw==",
        "dependencies": {
          "Microsoft.AspNetCore.Components": "8.0.2"
        }
      },
      "Microsoft.AspNetCore.Components.Web": {
        "type": "Transitive",
        "resolved": "8.0.2",
        "contentHash": "VRgjn/vAvrPEXTroe2ulzGXNwqp2imiAeEmrtAmEK8tUC7h2WLFciHithpeo2t2nbA7uuC4bAi+4tdbBEvzDQQ==",
        "dependencies": {
          "Microsoft.AspNetCore.Components": "8.0.2",
          "Microsoft.AspNetCore.Components.Forms": "8.0.2",
          "Microsoft.Extensions.DependencyInjection": "8.0.0",
          "Microsoft.Extensions.Primitives": "8.0.0",
          "Microsoft.JSInterop": "8.0.2",
          "System.IO.Pipelines": "8.0.0"
        }
      },
      "Microsoft.AspNetCore.Components.WebAssembly": {
        "type": "Transitive",
        "resolved": "8.0.2",
        "contentHash": "sRcIKOItL1PUmPkUz6EO07b77wWD4gyyhX7gK7JQ/bgk7HSBT7HRmfsOB/U6x/9V6IZpe5laG2G19Nfccl6lkw==",
        "dependencies": {
          "Microsoft.AspNetCore.Components.Web": "8.0.2",
          "Microsoft.Extensions.Configuration.Binder": "8.0.1",
          "Microsoft.Extensions.Configuration.Json": "8.0.0",
          "Microsoft.Extensions.Logging": "8.0.0",
          "Microsoft.JSInterop.WebAssembly": "8.0.2"
        }
      },
      "Microsoft.AspNetCore.Metadata": {
        "type": "Transitive",
        "resolved": "8.0.2",
        "contentHash": "1m54fAfHzui+0twvU6VtUApM+aUaBR3G3YZNWxGH+c62hOFkZQX/Tm5FzptADUcr8wCPvIaRPbGx77upepk7rw=="
      },
      "Microsoft.Extensions.Configuration": {
        "type": "Transitive",
        "resolved": "8.0.0",
        "contentHash": "0J/9YNXTMWSZP2p2+nvl8p71zpSwokZXZuJW+VjdErkegAnFdO1XlqtA62SJtgVYHdKu3uPxJHcMR/r35HwFBA==",
        "dependencies": {
          "Microsoft.Extensions.Configuration.Abstractions": "8.0.0",
          "Microsoft.Extensions.Primitives": "8.0.0"
        }
      },
      "Microsoft.Extensions.Configuration.Abstractions": {
        "type": "Transitive",
        "resolved": "8.0.0",
        "contentHash": "3lE/iLSutpgX1CC0NOW70FJoGARRHbyKmG7dc0klnUZ9Dd9hS6N/POPWhKhMLCEuNN5nXEY5agmlFtH562vqhQ==",
        "dependencies": {
          "Microsoft.Extensions.Primitives": "8.0.0"
        }
      },
      "Microsoft.Extensions.Configuration.Binder": {
        "type": "Transitive",
        "resolved": "8.0.1",
        "contentHash": "2UKFJnLiBt7Od6nCnTqP9rTIUNhzmn9Hv1l2FchyKbz8xieB9ULwZTbQZMw+M24Qw3F5dzzH1U9PPleN0LNLOQ==",
        "dependencies": {
          "Microsoft.Extensions.Configuration.Abstractions": "8.0.0"
        }
      },
      "Microsoft.Extensions.Configuration.FileExtensions": {
        "type": "Transitive",
        "resolved": "8.0.0",
        "contentHash": "McP+Lz/EKwvtCv48z0YImw+L1gi1gy5rHhNaNIY2CrjloV+XY8gydT8DjMR6zWeL13AFK+DioVpppwAuO1Gi1w==",
        "dependencies": {
          "Microsoft.Extensions.Configuration": "8.0.0",
          "Microsoft.Extensions.Configuration.Abstractions": "8.0.0",
          "Microsoft.Extensions.FileProviders.Abstractions": "8.0.0",
          "Microsoft.Extensions.FileProviders.Physical": "8.0.0",
          "Microsoft.Extensions.Primitives": "8.0.0"
        }
      },
      "Microsoft.Extensions.Configuration.Json": {
        "type": "Transitive",
        "resolved": "8.0.0",
        "contentHash": "C2wqUoh9OmRL1akaCcKSTmRU8z0kckfImG7zLNI8uyi47Lp+zd5LWAD17waPQEqCz3ioWOCrFUo+JJuoeZLOBw==",
        "dependencies": {
          "Microsoft.Extensions.Configuration": "8.0.0",
          "Microsoft.Extensions.Configuration.Abstractions": "8.0.0",
          "Microsoft.Extensions.Configuration.FileExtensions": "8.0.0",
          "Microsoft.Extensions.FileProviders.Abstractions": "8.0.0",
          "System.Text.Json": "8.0.0"
        }
      },
      "Microsoft.Extensions.DependencyInjection": {
        "type": "Transitive",
        "resolved": "8.0.0",
        "contentHash": "V8S3bsm50ig6JSyrbcJJ8bW2b9QLGouz+G1miK3UTaOWmMtFwNNNzUf4AleyDWUmTrWMLNnFSLEQtxmxgNQnNQ==",
        "dependencies": {
          "Microsoft.Extensions.DependencyInjection.Abstractions": "8.0.0"
        }
      },
      "Microsoft.Extensions.DependencyInjection.Abstractions": {
        "type": "Transitive",
        "resolved": "8.0.0",
        "contentHash": "cjWrLkJXK0rs4zofsK4bSdg+jhDLTaxrkXu4gS6Y7MAlCvRyNNgwY/lJi5RDlQOnSZweHqoyvgvbdvQsRIW+hg=="
      },
      "Microsoft.Extensions.Diagnostics": {
        "type": "Transitive",
        "resolved": "8.0.0",
        "contentHash": "3PZp/YSkIXrF7QK7PfC1bkyRYwqOHpWFad8Qx+4wkuumAeXo1NHaxpS9LboNA9OvNSAu+QOVlXbMyoY+pHSqcw==",
        "dependencies": {
          "Microsoft.Extensions.Configuration": "8.0.0",
          "Microsoft.Extensions.Diagnostics.Abstractions": "8.0.0",
          "Microsoft.Extensions.Options.ConfigurationExtensions": "8.0.0"
        }
      },
      "Microsoft.Extensions.Diagnostics.Abstractions": {
        "type": "Transitive",
        "resolved": "8.0.0",
        "contentHash": "JHYCQG7HmugNYUhOl368g+NMxYE/N/AiclCYRNlgCY9eVyiBkOHMwK4x60RYMxv9EL3+rmj1mqHvdCiPpC+D4Q==",
        "dependencies": {
          "Microsoft.Extensions.DependencyInjection.Abstractions": "8.0.0",
          "Microsoft.Extensions.Options": "8.0.0",
          "System.Diagnostics.DiagnosticSource": "8.0.0"
        }
      },
      "Microsoft.Extensions.FileProviders.Abstractions": {
        "type": "Transitive",
        "resolved": "8.0.0",
        "contentHash": "ZbaMlhJlpisjuWbvXr4LdAst/1XxH3vZ6A0BsgTphZ2L4PGuxRLz7Jr/S7mkAAnOn78Vu0fKhEgNF5JO3zfjqQ==",
        "dependencies": {
          "Microsoft.Extensions.Primitives": "8.0.0"
        }
      },
      "Microsoft.Extensions.FileProviders.Physical": {
        "type": "Transitive",
        "resolved": "8.0.0",
        "contentHash": "UboiXxpPUpwulHvIAVE36Knq0VSHaAmfrFkegLyBZeaADuKezJ/AIXYAW8F5GBlGk/VaibN2k/Zn1ca8YAfVdA==",
        "dependencies": {
          "Microsoft.Extensions.FileProviders.Abstractions": "8.0.0",
          "Microsoft.Extensions.FileSystemGlobbing": "8.0.0",
          "Microsoft.Extensions.Primitives": "8.0.0"
        }
      },
      "Microsoft.Extensions.FileSystemGlobbing": {
        "type": "Transitive",
        "resolved": "8.0.0",
        "contentHash": "OK+670i7esqlQrPjdIKRbsyMCe9g5kSLpRRQGSr4Q58AOYEe/hCnfLZprh7viNisSUUQZmMrbbuDaIrP+V1ebQ=="
      },
      "Microsoft.Extensions.Http": {
        "type": "Transitive",
        "resolved": "8.0.0",
        "contentHash": "cWz4caHwvx0emoYe7NkHPxII/KkTI8R/LC9qdqJqnKv2poTJ4e2qqPGQqvRoQ5kaSA4FU5IV3qFAuLuOhoqULQ==",
        "dependencies": {
          "Microsoft.Extensions.Configuration.Abstractions": "8.0.0",
          "Microsoft.Extensions.DependencyInjection.Abstractions": "8.0.0",
          "Microsoft.Extensions.Diagnostics": "8.0.0",
          "Microsoft.Extensions.Logging": "8.0.0",
          "Microsoft.Extensions.Logging.Abstractions": "8.0.0",
          "Microsoft.Extensions.Options": "8.0.0"
        }
      },
      "Microsoft.Extensions.Logging": {
        "type": "Transitive",
        "resolved": "8.0.0",
        "contentHash": "tvRkov9tAJ3xP51LCv3FJ2zINmv1P8Hi8lhhtcKGqM+ImiTCC84uOPEI4z8Cdq2C3o9e+Aa0Gw0rmrsJD77W+w==",
        "dependencies": {
          "Microsoft.Extensions.DependencyInjection": "8.0.0",
          "Microsoft.Extensions.Logging.Abstractions": "8.0.0",
          "Microsoft.Extensions.Options": "8.0.0"
        }
      },
      "Microsoft.Extensions.Logging.Abstractions": {
        "type": "Transitive",
        "resolved": "8.0.0",
        "contentHash": "arDBqTgFCyS0EvRV7O3MZturChstm50OJ0y9bDJvAcmEPJm0FFpFyjU/JLYyStNGGey081DvnQYlncNX5SJJGA==",
        "dependencies": {
          "Microsoft.Extensions.DependencyInjection.Abstractions": "8.0.0"
        }
      },
      "Microsoft.Extensions.Options": {
        "type": "Transitive",
        "resolved": "8.0.2",
        "contentHash": "dWGKvhFybsaZpGmzkGCbNNwBD1rVlWzrZKANLW/CcbFJpCEceMCGzT7zZwHOGBCbwM0SzBuceMj5HN1LKV1QqA==",
        "dependencies": {
          "Microsoft.Extensions.DependencyInjection.Abstractions": "8.0.0",
          "Microsoft.Extensions.Primitives": "8.0.0"
        }
      },
      "Microsoft.Extensions.Options.ConfigurationExtensions": {
        "type": "Transitive",
        "resolved": "8.0.0",
        "contentHash": "0f4DMRqEd50zQh+UyJc+/HiBsZ3vhAQALgdkcQEalSH1L2isdC7Yj54M3cyo5e+BeO5fcBQ7Dxly8XiBBcvRgw==",
        "dependencies": {
          "Microsoft.Extensions.Configuration.Abstractions": "8.0.0",
          "Microsoft.Extensions.Configuration.Binder": "8.0.0",
          "Microsoft.Extensions.DependencyInjection.Abstractions": "8.0.0",
          "Microsoft.Extensions.Options": "8.0.0",
          "Microsoft.Extensions.Primitives": "8.0.0"
        }
      },
      "Microsoft.Extensions.Primitives": {
        "type": "Transitive",
        "resolved": "8.0.0",
        "contentHash": "bXJEZrW9ny8vjMF1JV253WeLhpEVzFo1lyaZu1vQ4ZxWUlVvknZ/+ftFgVheLubb4eZPSwwxBeqS1JkCOjxd8g=="
      },
      "Microsoft.JSInterop": {
        "type": "Transitive",
        "resolved": "8.0.2",
        "contentHash": "gpzpEohjQMMYlZAqP/haXj2TeQv6p/WrVhtQCearXCz00Gr/gyFA8QlXLqVZW2XKxdQ/3eAtKKtiBFGJg39OiA=="
      },
      "Microsoft.JSInterop.WebAssembly": {
        "type": "Transitive",
        "resolved": "8.0.2",
        "contentHash": "WXUfnWayu7oT1Wq1/k7yZCJvZXs9SwZZPoQtF/RUl5W8URMa+obK2DTzEaWGQF9x3F92YWdYs78mT7KR23kY3g==",
        "dependencies": {
          "Microsoft.JSInterop": "8.0.2"
        }
      },
      "System.Diagnostics.DiagnosticSource": {
        "type": "Transitive",
        "resolved": "8.0.0",
        "contentHash": "c9xLpVz6PL9lp/djOWtk5KPDZq3cSYpmXoJQY524EOtuFl5z9ZtsotpsyrDW40U1DRnQSYvcPKEUV0X//u6gkQ=="
      },
      "System.IO.Pipelines": {
        "type": "Transitive",
        "resolved": "8.0.0",
        "contentHash": "FHNOatmUq0sqJOkTx+UF/9YK1f180cnW5FVqnQMvYUN0elp6wFzbtPSiqbo1/ru8ICp43JM1i7kKkk6GsNGHlA=="
      },
      "System.Text.Encodings.Web": {
        "type": "Transitive",
        "resolved": "8.0.0",
        "contentHash": "yev/k9GHAEGx2Rg3/tU6MQh4HGBXJs70y7j1LaM1i/ER9po+6nnQ6RRqTJn1E7Xu0fbIFK80Nh5EoODxrbxwBQ=="
      },
      "System.Text.Json": {
        "type": "Transitive",
        "resolved": "8.0.0",
        "contentHash": "OdrZO2WjkiEG6ajEFRABTRCi/wuXQPxeV6g8xvUJqdxMvvuCCEk86zPla8UiIQJz3durtUEbNyY/3lIhS0yZvQ==",
        "dependencies": {
          "System.Text.Encodings.Web": "8.0.0"
        }
      },
      "TmEssentials": {
        "type": "Transitive",
        "resolved": "2.4.1",
        "contentHash": "K/RWlvnwJfLEH5gs1XA7d9wTvfXLexUBOA8W3N00ucrEqSQMwJbPhrPZJhzI2w5DRGJuAiEr7uXzZTCHEvtGWw=="
      },
      "gbx.net": {
        "type": "Project",
        "dependencies": {
          "TmEssentials": "[2.4.1, )"
        }
      },
      "gbx.net.lua": {
        "type": "Project",
        "dependencies": {
          "GBX.NET": "[2.0.0, )"
        }
      },
      "gbx.net.lzo": {
        "type": "Project",
        "dependencies": {
          "GBX.NET": "[2.0.0, )"
        }
      },
      "gbxexplorer.client": {
        "type": "Project",
        "dependencies": {
          "GbxExplorer.Component": "[1.0.0, )",
          "Microsoft.AspNetCore.Components.WebAssembly": "[8.0.2, )",
          "Microsoft.Extensions.Http": "[8.0.0, )"
        }
      },
      "gbxexplorer.component": {
        "type": "Project",
        "dependencies": {
          "BlazorMonaco": "[3.2.0, )",
          "GBX.NET": "[2.0.0, )",
          "GBX.NET.LZO": "[2.0.0, )",
          "GBX.NET.Lua": "[1.0.0, )",
          "GbxExplorer.Shared": "[1.0.0, )",
          "Microsoft.AspNetCore.Components.Web": "[8.0.2, )"
        }
      },
      "gbxexplorer.shared": {
        "type": "Project"
      }
    }
  }
}